{
  "nodes": {
    "nixpkgs": {
      "locked": {
        "lastModified": 1677995890,
        "narHash": "sha256-eOnCn0o3I6LP48fAi8xWFcn49V2rL7oX5jCtJTeN1LI=",
        "owner": "NixOS",
        "repo": "nixpkgs",
        "rev": "a1240f6b4a0bcc84fc48008b396a140d9f3638f6",
        "type": "github"
      },
      "original": {
        "owner": "NixOS",
        "ref": "nixpkgs-unstable",
        "repo": "nixpkgs",
        "type": "github"
      }
    },
    "root": {
      "inputs": {
        "nixpkgs": "nixpkgs"
      }
    }
  },
  "root": "root",
  "version": 7
}
