# This is a Gradle generated file for dependency locking.
# Manual edits can break the build and are not advised.
# This file is expected to be part of source control.
com.adarshr.test-logger:com.adarshr.test-logger.gradle.plugin:4.0.0=classpath
com.adarshr:gradle-test-logger-plugin:4.0.0=classpath
com.fasterxml.jackson.core:jackson-annotations:2.14.2=classpath
com.fasterxml.jackson.core:jackson-core:2.14.2=classpath
com.fasterxml.jackson.core:jackson-databind:2.14.2=classpath
com.fasterxml.jackson.module:jackson-module-parameter-names:2.14.2=classpath
com.fasterxml.jackson:jackson-bom:2.14.2=classpath
com.google.code.findbugs:jsr305:3.0.2=classpath
com.install4j.gradle:com.install4j.gradle.gradle.plugin:10.0.7=classpath
com.squareup:javapoet:1.13.0=classpath
de.undercouch.download:de.undercouch.download.gradle.plugin:5.6.0=classpath
de.undercouch:gradle-download-task:5.6.0=classpath
gradle.plugin.install4j.install4j.buildtools:gradle_publish:10.0.7=classpath
io.github.sheikah45.fx2j:fx2j-api:0.0.0=classpath
io.github.sheikah45.fx2j:fx2j-gradle-plugin:0.0.0=classpath
io.github.sheikah45.fx2j:fx2j-processor:0.0.0=classpath
io.github.sheikah45.fx2j:io.github.sheikah45.fx2j.gradle.plugin:0.0.0=classpath
io.spring.gradle:dependency-management-plugin:1.1.4=classpath
me.champeau.jmh:jmh-gradle-plugin:0.7.2=classpath
me.champeau.jmh:me.champeau.jmh.gradle.plugin:0.7.2=classpath
net.java.dev.jna:jna-platform:5.13.0=classpath
net.java.dev.jna:jna:5.13.0=classpath
net.sf.jopt-simple:jopt-simple:5.0.4=classpath
org.antlr:antlr4-runtime:4.7.2=classpath
org.apache.commons:commons-compress:1.21=classpath
org.apache.commons:commons-math3:3.6.1=classpath
org.apache.httpcomponents.client5:httpclient5:5.2.3=classpath
org.apache.httpcomponents.core5:httpcore5-h2:5.2.4=classpath
org.apache.httpcomponents.core5:httpcore5:5.2.4=classpath
org.fusesource.jansi:jansi:2.4.0=classpath
org.openjdk.jmh:jmh-core:1.37=classpath
org.slf4j:slf4j-api:1.7.36=classpath
org.springframework.boot:org.springframework.boot.gradle.plugin:3.2.5=classpath
org.springframework.boot:spring-boot-buildpack-platform:3.2.5=classpath
org.springframework.boot:spring-boot-gradle-plugin:3.2.5=classpath
org.springframework.boot:spring-boot-loader-tools:3.2.5=classpath
org.springframework:spring-core:6.0.10=classpath
org.springframework:spring-jcl:6.0.10=classpath
org.tomlj:tomlj:1.0.0=classpath
empty=
