# This is a Gradle generated file for dependency locking.
# Manual edits can break the build and are not advised.
# This file is expected to be part of source control.
ch.qos.logback:logback-classic:1.4.8=compileClasspath,productionRuntimeClasspath,runtimeClasspath,testCompileClasspath,testRuntimeClasspath
ch.qos.logback:logback-core:1.4.8=codacy,compileClasspath,productionRuntimeClasspath,runtimeClasspath,testCompileClasspath,testRuntimeClasspath
com.chuusai:shapeless_2.12:2.3.2=codacy
com.codacy:codacy-api-scala_2.12:7.0.7=codacy
com.codacy:codacy-plugins-api_2.12:5.2.0=codacy
com.code-disaster.steamworks4j:steamworks4j:1.9.0=compileClasspath,productionRuntimeClasspath,runtimeClasspath,testCompileClasspath,testRuntimeClasspath
com.fasterxml.jackson.core:jackson-annotations:2.15.2=codacy,compileClasspath,productionRuntimeClasspath,runtimeClasspath,testCompileClasspath,testRuntimeClasspath
com.fasterxml.jackson.core:jackson-core:2.15.2=codacy,compileClasspath,productionRuntimeClasspath,runtimeClasspath,testCompileClasspath,testRuntimeClasspath
com.fasterxml.jackson.core:jackson-databind:2.15.2=codacy,compileClasspath,productionRuntimeClasspath,runtimeClasspath,testCompileClasspath,testRuntimeClasspath
com.fasterxml.jackson.datatype:jackson-datatype-jdk8:2.15.2=codacy,compileClasspath,productionRuntimeClasspath,runtimeClasspath,testCompileClasspath,testRuntimeClasspath
com.fasterxml.jackson.datatype:jackson-datatype-jsr310:2.15.2=codacy,compileClasspath,productionRuntimeClasspath,runtimeClasspath,testCompileClasspath,testRuntimeClasspath
com.fasterxml.jackson.module:jackson-module-kotlin:2.15.2=compileClasspath,productionRuntimeClasspath,runtimeClasspath,testCompileClasspath,testRuntimeClasspath
com.fasterxml.jackson.module:jackson-module-parameter-names:2.15.2=compileClasspath,productionRuntimeClasspath,runtimeClasspath,testCompileClasspath,testRuntimeClasspath
com.fasterxml.jackson:jackson-bom:2.15.2=codacy,compileClasspath,productionRuntimeClasspath,runtimeClasspath,testCompileClasspath,testRuntimeClasspath
com.github.1-alex98:discord-rpc:1.6.2-jna=compileClasspath,productionRuntimeClasspath,runtimeClasspath,testCompileClasspath,testRuntimeClasspath
com.github.FAForever.faf-java-commons:faf-commons-api:f5a7832399=compileClasspath,productionRuntimeClasspath,runtimeClasspath,testCompileClasspath,testRuntimeClasspath
com.github.FAForever.faf-java-commons:faf-commons-data:f5a7832399=compileClasspath,productionRuntimeClasspath,runtimeClasspath,testCompileClasspath,testRuntimeClasspath
com.github.FAForever.faf-java-commons:faf-commons-lobby:f5a7832399=compileClasspath,productionRuntimeClasspath,runtimeClasspath,testCompileClasspath,testRuntimeClasspath
com.github.alexarchambault:case-app-annotations_2.12:1.2.0=codacy
com.github.alexarchambault:case-app-util_2.12:1.2.0=codacy
com.github.alexarchambault:case-app_2.12:1.2.0=codacy
com.github.ben-manes.caffeine:caffeine:3.1.6=compileClasspath,productionRuntimeClasspath,runtimeClasspath,testCompileClasspath,testRuntimeClasspath
com.github.codacy.codacy-coverage-reporter:codacy-coverage-reporter:13.13.2=codacy
com.github.codacy.codacy-coverage-reporter:coverageparser_2.12:13.13.2=codacy
com.github.codacy:codacy-coverage-reporter:13.13.2=codacy
com.github.jasminb:jsonapi-converter:0.12=compileClasspath,productionRuntimeClasspath,runtimeClasspath,testCompileClasspath,testRuntimeClasspath
com.github.luben:zstd-jni:1.4.9-5=productionRuntimeClasspath,runtimeClasspath,testRuntimeClasspath
com.github.micheljung:JJsonRpc:01a7fba5f4=compileClasspath,productionRuntimeClasspath,runtimeClasspath,testCompileClasspath,testRuntimeClasspath
com.github.nsp:JSkills:8b333ec63d=compileClasspath,productionRuntimeClasspath,runtimeClasspath,testCompileClasspath,testRuntimeClasspath
com.github.rutledgepaulv:q-builders:1.6=compileClasspath,productionRuntimeClasspath,runtimeClasspath,testCompileClasspath,testRuntimeClasspath
com.github.stephenc.jcip:jcip-annotations:1.0-1=compileClasspath,productionRuntimeClasspath,runtimeClasspath,testCompileClasspath,testRuntimeClasspath
com.google.android.tools:dx:1.7=compileClasspath,productionRuntimeClasspath,runtimeClasspath,testCompileClasspath,testRuntimeClasspath
com.google.code.findbugs:jsr305:3.0.2=compileClasspath,productionRuntimeClasspath,runtimeClasspath,testCompileClasspath,testRuntimeClasspath
com.google.errorprone:error_prone_annotations:2.18.0=compileClasspath,productionRuntimeClasspath,runtimeClasspath,testCompileClasspath,testRuntimeClasspath
com.google.guava:failureaccess:1.0.1=compileClasspath,productionRuntimeClasspath,runtimeClasspath,testCompileClasspath,testRuntimeClasspath
com.google.guava:guava:32.0.1-jre=compileClasspath,productionRuntimeClasspath,runtimeClasspath,testCompileClasspath,testRuntimeClasspath
com.google.guava:listenablefuture:9999.0-empty-to-avoid-conflict-with-guava=compileClasspath,productionRuntimeClasspath,runtimeClasspath,testCompileClasspath,testRuntimeClasspath
com.google.j2objc:j2objc-annotations:2.8=compileClasspath,productionRuntimeClasspath,runtimeClasspath,testCompileClasspath,testRuntimeClasspath
com.googlecode.javaewah:JavaEWAH:1.1.13=compileClasspath,productionRuntimeClasspath,runtimeClasspath,testCompileClasspath,testRuntimeClasspath
com.googlecode.javaewah:JavaEWAH:1.1.6=codacy
com.install4j:install4j-runtime:10.0.5=compileClasspath,productionRuntimeClasspath,runtimeClasspath,testCompileClasspath,testRuntimeClasspath
com.jayway.jsonpath:json-path:2.8.0=testCompileClasspath,testRuntimeClasspath
com.jcraft:jsch:0.1.54=codacy
com.lihaoyi:geny_2.12:0.7.1=codacy
com.lihaoyi:ujson_2.12:1.5.0=codacy
com.lihaoyi:upickle-core_2.12:1.5.0=codacy
com.nativelibs4java:bridj:0.7.0=compileClasspath,productionRuntimeClasspath,runtimeClasspath,testCompileClasspath,testRuntimeClasspath
com.natpryce.hamcrest:hamcrest-reflection:0.1-2=testCompileClasspath,testRuntimeClasspath
com.neovisionaries:nv-i18n:1.29=compileClasspath,productionRuntimeClasspath,runtimeClasspath,testCompileClasspath,testRuntimeClasspath
com.nimbusds:content-type:2.2=compileClasspath,productionRuntimeClasspath,runtimeClasspath,testCompileClasspath,testRuntimeClasspath
com.nimbusds:lang-tag:1.7=compileClasspath,productionRuntimeClasspath,runtimeClasspath,testCompileClasspath,testRuntimeClasspath
com.nimbusds:nimbus-jose-jwt:9.31=compileClasspath,productionRuntimeClasspath,runtimeClasspath,testCompileClasspath,testRuntimeClasspath
com.nimbusds:oauth2-oidc-sdk:9.43.3=compileClasspath,productionRuntimeClasspath,runtimeClasspath,testCompileClasspath,testRuntimeClasspath
com.squareup.okhttp3:mockwebserver:4.10.0=testCompileClasspath,testRuntimeClasspath
com.squareup.okhttp3:okhttp:4.10.0=compileClasspath,productionRuntimeClasspath,runtimeClasspath,testCompileClasspath,testRuntimeClasspath
com.squareup.okio:okio-jvm:3.0.0=compileClasspath,productionRuntimeClasspath,runtimeClasspath,testCompileClasspath,testRuntimeClasspath
com.squareup.okio:okio:3.0.0=compileClasspath,productionRuntimeClasspath,runtimeClasspath,testCompileClasspath,testRuntimeClasspath
com.squareup.retrofit2:retrofit:2.5.0=compileClasspath,productionRuntimeClasspath,runtimeClasspath,testCompileClasspath,testRuntimeClasspath
com.thetransactioncompany:jsonrpc2-base:1.38=compileClasspath,productionRuntimeClasspath,runtimeClasspath,testCompileClasspath,testRuntimeClasspath
com.typesafe.play:play-functional_2.12:2.8.2=codacy
com.typesafe.play:play-json_2.12:2.8.2=codacy
com.vaadin.external.google:android-json:0.0.20131108.vaadin1=testCompileClasspath,testRuntimeClasspath
commons-beanutils:commons-beanutils:1.9.4=compileClasspath,productionRuntimeClasspath,runtimeClasspath,testCompileClasspath,testRuntimeClasspath
commons-codec:commons-codec:1.15=codacy,productionRuntimeClasspath,runtimeClasspath,testRuntimeClasspath
commons-collections:commons-collections:3.2.2=compileClasspath,productionRuntimeClasspath,runtimeClasspath,testCompileClasspath,testRuntimeClasspath
commons-digester:commons-digester:2.1=compileClasspath,productionRuntimeClasspath,runtimeClasspath,testCompileClasspath,testRuntimeClasspath
commons-io:commons-io:1.3.1=compileClasspath,productionRuntimeClasspath,runtimeClasspath,testCompileClasspath,testRuntimeClasspath
commons-logging:commons-logging:1.1.3=codacy
commons-logging:commons-logging:1.2=compileClasspath,productionRuntimeClasspath,runtimeClasspath,testCompileClasspath,testRuntimeClasspath
commons-validator:commons-validator:1.7=compileClasspath,productionRuntimeClasspath,runtimeClasspath,testCompileClasspath,testRuntimeClasspath
de.codecentric.centerdevice:javafxsvg:1.3.0=compileClasspath,productionRuntimeClasspath,runtimeClasspath,testCompileClasspath,testRuntimeClasspath
io.github.micheljung:fxstage:0.8.3=compileClasspath,productionRuntimeClasspath,runtimeClasspath,testCompileClasspath,testRuntimeClasspath
io.github.micheljung:jfx-waitomo-theme:0.3.0=compileClasspath,productionRuntimeClasspath,runtimeClasspath,testCompileClasspath,testRuntimeClasspath
io.micrometer:micrometer-commons:1.11.1=compileClasspath,productionRuntimeClasspath,runtimeClasspath,testCompileClasspath,testRuntimeClasspath
io.micrometer:micrometer-observation:1.11.1=compileClasspath,productionRuntimeClasspath,runtimeClasspath,testCompileClasspath,testRuntimeClasspath
io.netty.incubator:netty-incubator-codec-classes-quic:0.0.45.Final=productionRuntimeClasspath,runtimeClasspath,testRuntimeClasspath
io.netty.incubator:netty-incubator-codec-native-quic:0.0.45.Final=productionRuntimeClasspath,runtimeClasspath,testRuntimeClasspath
io.netty:netty-buffer:4.1.94.Final=compileClasspath,productionRuntimeClasspath,runtimeClasspath,testCompileClasspath,testRuntimeClasspath
io.netty:netty-codec-dns:4.1.94.Final=compileClasspath,productionRuntimeClasspath,runtimeClasspath,testCompileClasspath,testRuntimeClasspath
io.netty:netty-codec-http2:4.1.94.Final=compileClasspath,productionRuntimeClasspath,runtimeClasspath,testCompileClasspath,testRuntimeClasspath
io.netty:netty-codec-http:4.1.94.Final=compileClasspath,productionRuntimeClasspath,runtimeClasspath,testCompileClasspath,testRuntimeClasspath
io.netty:netty-codec-socks:4.1.94.Final=compileClasspath,productionRuntimeClasspath,runtimeClasspath,testCompileClasspath,testRuntimeClasspath
io.netty:netty-codec:4.1.94.Final=compileClasspath,productionRuntimeClasspath,runtimeClasspath,testCompileClasspath,testRuntimeClasspath
io.netty:netty-common:4.1.94.Final=compileClasspath,productionRuntimeClasspath,runtimeClasspath,testCompileClasspath,testRuntimeClasspath
io.netty:netty-handler-proxy:4.1.94.Final=compileClasspath,productionRuntimeClasspath,runtimeClasspath,testCompileClasspath,testRuntimeClasspath
io.netty:netty-handler:4.1.94.Final=compileClasspath,productionRuntimeClasspath,runtimeClasspath,testCompileClasspath,testRuntimeClasspath
io.netty:netty-resolver-dns-classes-macos:4.1.94.Final=compileClasspath,productionRuntimeClasspath,runtimeClasspath,testCompileClasspath,testRuntimeClasspath
io.netty:netty-resolver-dns-native-macos:4.1.94.Final=compileClasspath,productionRuntimeClasspath,runtimeClasspath,testCompileClasspath,testRuntimeClasspath
io.netty:netty-resolver-dns:4.1.94.Final=compileClasspath,productionRuntimeClasspath,runtimeClasspath,testCompileClasspath,testRuntimeClasspath
io.netty:netty-resolver:4.1.94.Final=compileClasspath,productionRuntimeClasspath,runtimeClasspath,testCompileClasspath,testRuntimeClasspath
io.netty:netty-transport-classes-epoll:4.1.94.Final=compileClasspath,productionRuntimeClasspath,runtimeClasspath,testCompileClasspath,testRuntimeClasspath
io.netty:netty-transport-native-epoll:4.1.94.Final=compileClasspath,productionRuntimeClasspath,runtimeClasspath,testCompileClasspath,testRuntimeClasspath
io.netty:netty-transport-native-unix-common:4.1.94.Final=compileClasspath,productionRuntimeClasspath,runtimeClasspath,testCompileClasspath,testRuntimeClasspath
io.netty:netty-transport:4.1.94.Final=compileClasspath,productionRuntimeClasspath,runtimeClasspath,testCompileClasspath,testRuntimeClasspath
io.projectreactor.addons:reactor-extra:3.5.1=compileClasspath,productionRuntimeClasspath,runtimeClasspath,testCompileClasspath,testRuntimeClasspath
io.projectreactor.netty.incubator:reactor-netty-incubator-quic:0.1.8=productionRuntimeClasspath,runtimeClasspath,testRuntimeClasspath
io.projectreactor.netty:reactor-netty-core:1.1.8=compileClasspath,productionRuntimeClasspath,runtimeClasspath,testCompileClasspath,testRuntimeClasspath
io.projectreactor.netty:reactor-netty-http:1.1.8=compileClasspath,productionRuntimeClasspath,runtimeClasspath,testCompileClasspath,testRuntimeClasspath
io.projectreactor.netty:reactor-netty:1.1.8=productionRuntimeClasspath,runtimeClasspath,testCompileClasspath,testRuntimeClasspath
io.projectreactor:reactor-core:3.5.7=compileClasspath,productionRuntimeClasspath,runtimeClasspath,testCompileClasspath,testRuntimeClasspath
io.projectreactor:reactor-test:3.5.7=testCompileClasspath,testRuntimeClasspath
jakarta.activation:jakarta.activation-api:2.1.2=testCompileClasspath,testRuntimeClasspath
jakarta.annotation:jakarta.annotation-api:2.1.1=compileClasspath,productionRuntimeClasspath,runtimeClasspath,testCompileClasspath,testRuntimeClasspath
jakarta.xml.bind:jakarta.xml.bind-api:4.0.0=testCompileClasspath,testRuntimeClasspath
javax.annotation:javax.annotation-api:1.3.2=compileClasspath,productionRuntimeClasspath,runtimeClasspath,testCompileClasspath,testRuntimeClasspath
joda-time:joda-time:2.10.5=codacy
junit:junit:4.13.2=testCompileClasspath,testRuntimeClasspath
net.bytebuddy:byte-buddy-agent:1.14.5=testCompileClasspath,testRuntimeClasspath
net.bytebuddy:byte-buddy:1.14.5=testCompileClasspath,testRuntimeClasspath
net.engio:mbassador:1.3.1=compileClasspath,productionRuntimeClasspath,runtimeClasspath,testCompileClasspath,testRuntimeClasspath
net.java.dev.jna:jna-platform:5.13.0=compileClasspath,productionRuntimeClasspath,runtimeClasspath,testCompileClasspath,testRuntimeClasspath
net.java.dev.jna:jna:5.13.0=compileClasspath,productionRuntimeClasspath,runtimeClasspath,testCompileClasspath,testRuntimeClasspath
net.minidev:accessors-smart:2.4.11=compileClasspath,productionRuntimeClasspath,runtimeClasspath,testCompileClasspath,testRuntimeClasspath
net.minidev:json-smart:2.4.11=compileClasspath,productionRuntimeClasspath,runtimeClasspath,testCompileClasspath,testRuntimeClasspath
org.apache.commons:commons-compress:1.23.0=compileClasspath,productionRuntimeClasspath,runtimeClasspath,testCompileClasspath,testRuntimeClasspath
org.apache.commons:commons-lang3:3.12.0=compileClasspath,productionRuntimeClasspath,runtimeClasspath,testCompileClasspath,testRuntimeClasspath
org.apache.httpcomponents:httpclient:4.3.6=codacy
org.apache.httpcomponents:httpcore:4.4.16=codacy
org.apache.logging.log4j:log4j-api:2.20.0=compileClasspath,productionRuntimeClasspath,runtimeClasspath,testCompileClasspath,testRuntimeClasspath
org.apache.logging.log4j:log4j-to-slf4j:2.20.0=compileClasspath,productionRuntimeClasspath,runtimeClasspath,testCompileClasspath,testRuntimeClasspath
org.apache.tomcat.embed:tomcat-embed-core:10.1.10=compileClasspath,productionRuntimeClasspath,runtimeClasspath,testCompileClasspath,testRuntimeClasspath
org.apache.tomcat.embed:tomcat-embed-el:10.1.10=compileClasspath,productionRuntimeClasspath,runtimeClasspath,testCompileClasspath,testRuntimeClasspath
org.apache.tomcat.embed:tomcat-embed-websocket:10.1.10=compileClasspath,productionRuntimeClasspath,runtimeClasspath,testCompileClasspath,testRuntimeClasspath
org.apache.xmlgraphics:batik-anim:1.8=compileClasspath,productionRuntimeClasspath,runtimeClasspath,testCompileClasspath,testRuntimeClasspath
org.apache.xmlgraphics:batik-awt-util:1.8=compileClasspath,productionRuntimeClasspath,runtimeClasspath,testCompileClasspath,testRuntimeClasspath
org.apache.xmlgraphics:batik-bridge:1.8=compileClasspath,productionRuntimeClasspath,runtimeClasspath,testCompileClasspath,testRuntimeClasspath
org.apache.xmlgraphics:batik-css:1.8=compileClasspath,productionRuntimeClasspath,runtimeClasspath,testCompileClasspath,testRuntimeClasspath
org.apache.xmlgraphics:batik-dom:1.8=compileClasspath,productionRuntimeClasspath,runtimeClasspath,testCompileClasspath,testRuntimeClasspath
org.apache.xmlgraphics:batik-ext:1.8=compileClasspath,productionRuntimeClasspath,runtimeClasspath,testCompileClasspath,testRuntimeClasspath
org.apache.xmlgraphics:batik-gvt:1.8=compileClasspath,productionRuntimeClasspath,runtimeClasspath,testCompileClasspath,testRuntimeClasspath
org.apache.xmlgraphics:batik-parser:1.8=compileClasspath,productionRuntimeClasspath,runtimeClasspath,testCompileClasspath,testRuntimeClasspath
org.apache.xmlgraphics:batik-script:1.8=compileClasspath,productionRuntimeClasspath,runtimeClasspath,testCompileClasspath,testRuntimeClasspath
org.apache.xmlgraphics:batik-svg-dom:1.8=compileClasspath,productionRuntimeClasspath,runtimeClasspath,testCompileClasspath,testRuntimeClasspath
org.apache.xmlgraphics:batik-svggen:1.8=compileClasspath,productionRuntimeClasspath,runtimeClasspath,testCompileClasspath,testRuntimeClasspath
org.apache.xmlgraphics:batik-transcoder:1.8=compileClasspath,productionRuntimeClasspath,runtimeClasspath,testCompileClasspath,testRuntimeClasspath
org.apache.xmlgraphics:batik-util:1.8=compileClasspath,productionRuntimeClasspath,runtimeClasspath,testCompileClasspath,testRuntimeClasspath
org.apache.xmlgraphics:batik-xml:1.8=compileClasspath,productionRuntimeClasspath,runtimeClasspath,testCompileClasspath,testRuntimeClasspath
org.apache.xmlgraphics:xmlgraphics-commons:2.1=compileClasspath,productionRuntimeClasspath,runtimeClasspath,testCompileClasspath,testRuntimeClasspath
org.apiguardian:apiguardian-api:1.1.2=testCompileClasspath
org.assertj:assertj-core:3.24.2=testCompileClasspath,testRuntimeClasspath
org.checkerframework:checker-qual:3.33.0=compileClasspath,productionRuntimeClasspath,runtimeClasspath,testCompileClasspath,testRuntimeClasspath
org.controlsfx:controlsfx:11.1.2=compileClasspath,productionRuntimeClasspath,runtimeClasspath,testCompileClasspath,testRuntimeClasspath
org.eclipse.jgit:org.eclipse.jgit:4.8.0.201706111038-r=codacy
org.eclipse.jgit:org.eclipse.jgit:6.4.0.202211300538-r=compileClasspath,productionRuntimeClasspath,runtimeClasspath,testCompileClasspath,testRuntimeClasspath
org.ejml:core:0.28=compileClasspath,productionRuntimeClasspath,runtimeClasspath,testCompileClasspath,testRuntimeClasspath
org.ejml:dense64:0.28=compileClasspath,productionRuntimeClasspath,runtimeClasspath,testCompileClasspath,testRuntimeClasspath
org.ejml:simple:0.28=compileClasspath,productionRuntimeClasspath,runtimeClasspath,testCompileClasspath,testRuntimeClasspath
org.fxmisc.flowless:flowless:0.7.0=compileClasspath,productionRuntimeClasspath,runtimeClasspath,testCompileClasspath,testRuntimeClasspath
org.hamcrest:hamcrest-core:2.2=testCompileClasspath,testRuntimeClasspath
org.hamcrest:hamcrest-library:2.2=testCompileClasspath,testRuntimeClasspath
org.hamcrest:hamcrest:2.2=testCompileClasspath,testRuntimeClasspath
org.jacoco:org.jacoco.agent:0.8.7=jacocoAgent,jacocoAnt
org.jacoco:org.jacoco.ant:0.8.7=jacocoAnt
org.jacoco:org.jacoco.core:0.8.7=jacocoAnt
org.jacoco:org.jacoco.report:0.8.7=jacocoAnt
org.javassist:javassist:3.29.2-GA=compileClasspath,productionRuntimeClasspath,runtimeClasspath,testCompileClasspath,testRuntimeClasspath
org.jetbrains.kotlin:kotlin-reflect:1.8.22=compileClasspath,productionRuntimeClasspath,runtimeClasspath,testCompileClasspath,testRuntimeClasspath
org.jetbrains.kotlin:kotlin-stdlib-common:1.8.22=compileClasspath,productionRuntimeClasspath,runtimeClasspath,testCompileClasspath,testRuntimeClasspath
org.jetbrains.kotlin:kotlin-stdlib-jdk7:1.8.22=compileClasspath,productionRuntimeClasspath,runtimeClasspath,testCompileClasspath,testRuntimeClasspath
org.jetbrains.kotlin:kotlin-stdlib-jdk8:1.8.22=compileClasspath,productionRuntimeClasspath,runtimeClasspath,testCompileClasspath,testRuntimeClasspath
org.jetbrains.kotlin:kotlin-stdlib:1.8.22=compileClasspath,productionRuntimeClasspath,runtimeClasspath,testCompileClasspath,testRuntimeClasspath
org.jetbrains:annotations:24.0.1=compileClasspath,productionRuntimeClasspath,runtimeClasspath,testCompileClasspath,testRuntimeClasspath
org.joda:joda-convert:2.1.2=codacy
org.junit.jupiter:junit-jupiter-api:5.9.3=testCompileClasspath,testRuntimeClasspath
org.junit.jupiter:junit-jupiter-engine:5.9.3=testRuntimeClasspath
org.junit.jupiter:junit-jupiter-params:5.9.3=testCompileClasspath,testRuntimeClasspath
org.junit.jupiter:junit-jupiter:5.9.3=testCompileClasspath,testRuntimeClasspath
org.junit.platform:junit-platform-commons:1.9.3=testCompileClasspath,testRuntimeClasspath
org.junit.platform:junit-platform-engine:1.9.3=testRuntimeClasspath
org.junit:junit-bom:5.9.3=testCompileClasspath,testRuntimeClasspath
org.kitteh.irc:client-lib:8.0.0=compileClasspath,productionRuntimeClasspath,runtimeClasspath,testCompileClasspath,testRuntimeClasspath
org.luaj:luaj-jse:3.0.1=compileClasspath,productionRuntimeClasspath,runtimeClasspath,testCompileClasspath,testRuntimeClasspath
org.mapstruct:mapstruct-processor:1.5.5.Final=annotationProcessor,testAnnotationProcessor
org.mapstruct:mapstruct:1.5.5.Final=compileClasspath,productionRuntimeClasspath,runtimeClasspath,testCompileClasspath,testRuntimeClasspath
org.mockito:mockito-core:5.3.1=testCompileClasspath,testRuntimeClasspath
org.mockito:mockito-junit-jupiter:5.3.1=testCompileClasspath,testRuntimeClasspath
org.objenesis:objenesis:3.3=testRuntimeClasspath
org.openjfx:javafx-base:20=compileClasspath,productionRuntimeClasspath,runtimeClasspath,testCompileClasspath,testRuntimeClasspath
org.openjfx:javafx-controls:20=compileClasspath,productionRuntimeClasspath,runtimeClasspath,testCompileClasspath,testRuntimeClasspath
org.openjfx:javafx-fxml:20=compileClasspath,productionRuntimeClasspath,runtimeClasspath,testCompileClasspath,testRuntimeClasspath
org.openjfx:javafx-graphics:20=compileClasspath,productionRuntimeClasspath,runtimeClasspath,testCompileClasspath,testRuntimeClasspath
org.openjfx:javafx-media:20=compileClasspath,productionRuntimeClasspath,runtimeClasspath,testCompileClasspath,testRuntimeClasspath
org.openjfx:javafx-swing:20=compileClasspath,productionRuntimeClasspath,runtimeClasspath,testCompileClasspath,testRuntimeClasspath
org.openjfx:javafx-web:20=compileClasspath,productionRuntimeClasspath,runtimeClasspath,testCompileClasspath,testRuntimeClasspath
org.opentest4j:opentest4j:1.2.0=testCompileClasspath,testRuntimeClasspath
org.ow2.asm:asm-analysis:9.1=jacocoAnt
org.ow2.asm:asm-commons:9.1=jacocoAnt
org.ow2.asm:asm-tree:9.1=jacocoAnt
org.ow2.asm:asm:9.1=jacocoAnt
org.ow2.asm:asm:9.3=compileClasspath,productionRuntimeClasspath,runtimeClasspath,testCompileClasspath,testRuntimeClasspath
org.projectlombok:lombok:1.18.28=annotationProcessor,compileClasspath,testAnnotationProcessor,testCompileClasspath
org.reactfx:reactfx:2.0-M5=productionRuntimeClasspath,runtimeClasspath,testRuntimeClasspath
org.reactivestreams:reactive-streams:1.0.4=compileClasspath,productionRuntimeClasspath,runtimeClasspath,testCompileClasspath,testRuntimeClasspath
org.scala-lang.modules:scala-collection-compat_2.12:2.7.0=codacy
org.scala-lang.modules:scala-xml_2.12:1.2.0=codacy
org.scala-lang:scala-library:2.12.15=codacy
org.scala-lang:scala-reflect:2.12.10=codacy
org.scalaj:scalaj-http_2.12:2.4.2=codacy
org.scalameta:svm-subs:101.0.0=codacy
org.skyscreamer:jsonassert:1.5.1=testCompileClasspath,testRuntimeClasspath
org.slf4j:jul-to-slf4j:2.0.7=compileClasspath,productionRuntimeClasspath,runtimeClasspath,testCompileClasspath,testRuntimeClasspath
org.slf4j:slf4j-api:2.0.7=codacy,compileClasspath,productionRuntimeClasspath,runtimeClasspath,testCompileClasspath,testRuntimeClasspath
org.springframework.boot:spring-boot-autoconfigure:3.1.1=compileClasspath,productionRuntimeClasspath,runtimeClasspath,testCompileClasspath,testRuntimeClasspath
org.springframework.boot:spring-boot-configuration-processor:3.1.1=annotationProcessor
org.springframework.boot:spring-boot-starter-cache:3.1.1=compileClasspath,productionRuntimeClasspath,runtimeClasspath,testCompileClasspath,testRuntimeClasspath
org.springframework.boot:spring-boot-starter-json:3.1.1=compileClasspath,productionRuntimeClasspath,runtimeClasspath,testCompileClasspath,testRuntimeClasspath
org.springframework.boot:spring-boot-starter-logging:3.1.1=compileClasspath,productionRuntimeClasspath,runtimeClasspath,testCompileClasspath,testRuntimeClasspath
org.springframework.boot:spring-boot-starter-oauth2-client:3.1.1=compileClasspath,productionRuntimeClasspath,runtimeClasspath,testCompileClasspath,testRuntimeClasspath
org.springframework.boot:spring-boot-starter-reactor-netty:3.1.1=compileClasspath,productionRuntimeClasspath,runtimeClasspath,testCompileClasspath,testRuntimeClasspath
org.springframework.boot:spring-boot-starter-test:3.1.1=testCompileClasspath,testRuntimeClasspath
org.springframework.boot:spring-boot-starter-tomcat:3.1.1=compileClasspath,productionRuntimeClasspath,runtimeClasspath,testCompileClasspath,testRuntimeClasspath
org.springframework.boot:spring-boot-starter-web:3.1.1=compileClasspath,productionRuntimeClasspath,runtimeClasspath,testCompileClasspath,testRuntimeClasspath
org.springframework.boot:spring-boot-starter-webflux:3.1.1=compileClasspath,productionRuntimeClasspath,runtimeClasspath,testCompileClasspath,testRuntimeClasspath
org.springframework.boot:spring-boot-starter-websocket:3.1.1=compileClasspath,productionRuntimeClasspath,runtimeClasspath,testCompileClasspath,testRuntimeClasspath
org.springframework.boot:spring-boot-starter:3.1.1=compileClasspath,productionRuntimeClasspath,runtimeClasspath,testCompileClasspath,testRuntimeClasspath
org.springframework.boot:spring-boot-test-autoconfigure:3.1.1=testCompileClasspath,testRuntimeClasspath
org.springframework.boot:spring-boot-test:3.1.1=testCompileClasspath,testRuntimeClasspath
org.springframework.boot:spring-boot:3.1.1=compileClasspath,productionRuntimeClasspath,runtimeClasspath,testCompileClasspath,testRuntimeClasspath
org.springframework.security:spring-security-config:6.1.1=compileClasspath,productionRuntimeClasspath,runtimeClasspath,testCompileClasspath,testRuntimeClasspath
org.springframework.security:spring-security-core:6.1.1=compileClasspath,productionRuntimeClasspath,runtimeClasspath,testCompileClasspath,testRuntimeClasspath
org.springframework.security:spring-security-crypto:6.1.1=compileClasspath,productionRuntimeClasspath,runtimeClasspath,testCompileClasspath,testRuntimeClasspath
org.springframework.security:spring-security-oauth2-client:6.1.1=compileClasspath,productionRuntimeClasspath,runtimeClasspath,testCompileClasspath,testRuntimeClasspath
org.springframework.security:spring-security-oauth2-core:6.1.1=compileClasspath,productionRuntimeClasspath,runtimeClasspath,testCompileClasspath,testRuntimeClasspath
org.springframework.security:spring-security-oauth2-jose:6.1.1=compileClasspath,productionRuntimeClasspath,runtimeClasspath,testCompileClasspath,testRuntimeClasspath
org.springframework.security:spring-security-web:6.1.1=compileClasspath,productionRuntimeClasspath,runtimeClasspath,testCompileClasspath,testRuntimeClasspath
org.springframework:spring-aop:6.0.10=compileClasspath,productionRuntimeClasspath,runtimeClasspath,testCompileClasspath,testRuntimeClasspath
org.springframework:spring-beans:6.0.10=compileClasspath,productionRuntimeClasspath,runtimeClasspath,testCompileClasspath,testRuntimeClasspath
org.springframework:spring-context-support:6.0.10=compileClasspath,productionRuntimeClasspath,runtimeClasspath,testCompileClasspath,testRuntimeClasspath
org.springframework:spring-context:6.0.10=compileClasspath,productionRuntimeClasspath,runtimeClasspath,testCompileClasspath,testRuntimeClasspath
org.springframework:spring-core:6.0.10=compileClasspath,productionRuntimeClasspath,runtimeClasspath,testCompileClasspath,testRuntimeClasspath
org.springframework:spring-expression:6.0.10=compileClasspath,productionRuntimeClasspath,runtimeClasspath,testCompileClasspath,testRuntimeClasspath
org.springframework:spring-jcl:6.0.10=compileClasspath,productionRuntimeClasspath,runtimeClasspath,testCompileClasspath,testRuntimeClasspath
org.springframework:spring-messaging:6.0.10=compileClasspath,productionRuntimeClasspath,runtimeClasspath,testCompileClasspath,testRuntimeClasspath
org.springframework:spring-test:6.0.10=testCompileClasspath,testRuntimeClasspath
org.springframework:spring-web:6.0.10=compileClasspath,productionRuntimeClasspath,runtimeClasspath,testCompileClasspath,testRuntimeClasspath
org.springframework:spring-webflux:6.0.10=compileClasspath,productionRuntimeClasspath,runtimeClasspath,testCompileClasspath,testRuntimeClasspath
org.springframework:spring-webmvc:6.0.10=compileClasspath,productionRuntimeClasspath,runtimeClasspath,testCompileClasspath,testRuntimeClasspath
org.springframework:spring-websocket:6.0.10=compileClasspath,productionRuntimeClasspath,runtimeClasspath,testCompileClasspath,testRuntimeClasspath
org.testfx:openjfx-monocle:jdk-12.0.1+2=testCompileClasspath,testRuntimeClasspath
org.testfx:testfx-core:4.0.16-alpha=testCompileClasspath,testRuntimeClasspath
org.testfx:testfx-junit5:4.0.16-alpha=testCompileClasspath,testRuntimeClasspath
org.typelevel:macro-compat_2.12:1.1.1=codacy
org.wvlet.airframe:airframe-log_2.12:22.3.0=codacy
org.xmlunit:xmlunit-core:2.9.1=testCompileClasspath,testRuntimeClasspath
org.yaml:snakeyaml:1.33=compileClasspath,productionRuntimeClasspath,runtimeClasspath,testCompileClasspath,testRuntimeClasspath
xalan:xalan:2.7.0=compileClasspath,productionRuntimeClasspath,runtimeClasspath,testCompileClasspath,testRuntimeClasspath
xml-apis:xml-apis-ext:1.3.04=compileClasspath,productionRuntimeClasspath,runtimeClasspath,testCompileClasspath,testRuntimeClasspath
xml-apis:xml-apis:2.0.2=compileClasspath,productionRuntimeClasspath,runtimeClasspath,testCompileClasspath,testRuntimeClasspath
empty=compile,developmentOnly
