# This is a Gradle generated file for dependency locking.
# Manual edits can break the build and are not advised.
# This file is expected to be part of source control.
ch.qos.logback:logback-classic:1.4.0=compileClasspath,runtimeClasspath,testCompileClasspath,testRuntimeClasspath
ch.qos.logback:logback-core:1.4.0=compileClasspath,runtimeClasspath,testCompileClasspath,testRuntimeClasspath
com.fasterxml.jackson.core:jackson-annotations:2.13.4=compileClasspath,runtimeClasspath,testCompileClasspath,testRuntimeClasspath
com.fasterxml.jackson.core:jackson-core:2.13.4=compileClasspath,runtimeClasspath,testCompileClasspath,testRuntimeClasspath
com.fasterxml.jackson.core:jackson-databind:2.13.4.2=compileClasspath,runtimeClasspath,testCompileClasspath,testRuntimeClasspath
com.fasterxml.jackson.datatype:jackson-datatype-jsr310:2.13.4=compileClasspath,runtimeClasspath,testCompileClasspath,testRuntimeClasspath
com.fasterxml.jackson:jackson-bom:2.13.4=compileClasspath,runtimeClasspath,testCompileClasspath,testRuntimeClasspath
com.github.faforever:JJsonRpc:37669e0fed=compileClasspath,runtimeClasspath,testCompileClasspath,testRuntimeClasspath
com.google.code.findbugs:jsr305:3.0.2=compileClasspath,runtimeClasspath,testCompileClasspath,testRuntimeClasspath
com.google.errorprone:error_prone_annotations:2.18.0=compileClasspath,runtimeClasspath,testCompileClasspath,testRuntimeClasspath
com.google.guava:failureaccess:1.0.1=compileClasspath,runtimeClasspath,testCompileClasspath,testRuntimeClasspath
com.google.guava:guava-parent:32.1.2-jre=compileClasspath,runtimeClasspath,testCompileClasspath,testRuntimeClasspath
com.google.guava:guava:32.1.2-jre=compileClasspath,runtimeClasspath,testCompileClasspath,testRuntimeClasspath
com.google.guava:listenablefuture:9999.0-empty-to-avoid-conflict-with-guava=compileClasspath,runtimeClasspath,testCompileClasspath,testRuntimeClasspath
com.google.j2objc:j2objc-annotations:2.8=compileClasspath,testCompileClasspath
com.googlecode.json-simple:json-simple:1.1.1=compileClasspath,runtimeClasspath,testCompileClasspath,testRuntimeClasspath
com.thetransactioncompany:jsonrpc2-base:2.0=runtimeClasspath,testRuntimeClasspath
com.typesafe:config:1.4.2=compileClasspath,runtimeClasspath,testCompileClasspath,testRuntimeClasspath
info.picocli:picocli-codegen:4.6.3=annotationProcessor
info.picocli:picocli:4.6.3=annotationProcessor,compileClasspath,runtimeClasspath,testCompileClasspath,testRuntimeClasspath
net.java.dev.jna:jna:5.9.0=compileClasspath,runtimeClasspath,testCompileClasspath,testRuntimeClasspath
net.minidev:accessors-smart:2.4.7=runtimeClasspath,testRuntimeClasspath
net.minidev:json-smart:2.4.7=runtimeClasspath,testRuntimeClasspath
org.bitlet:weupnp:0.1.4=compileClasspath,runtimeClasspath,testCompileClasspath,testRuntimeClasspath
org.checkerframework:checker-qual:3.33.0=compileClasspath,runtimeClasspath,testCompileClasspath,testRuntimeClasspath
org.java-websocket:Java-WebSocket:1.5.3=compileClasspath,runtimeClasspath,testCompileClasspath,testRuntimeClasspath
org.jetbrains.kotlin:kotlin-reflect:1.9.10=compileClasspath,runtimeClasspath,testCompileClasspath,testRuntimeClasspath
org.jetbrains.kotlin:kotlin-stdlib-common:1.9.10=compileClasspath,runtimeClasspath,testCompileClasspath,testRuntimeClasspath
org.jetbrains.kotlin:kotlin-stdlib-jdk7:1.9.10=compileClasspath,runtimeClasspath,testCompileClasspath,testRuntimeClasspath
org.jetbrains.kotlin:kotlin-stdlib-jdk8:1.9.10=compileClasspath,runtimeClasspath,testCompileClasspath,testRuntimeClasspath
org.jetbrains.kotlin:kotlin-stdlib:1.9.10=compileClasspath,runtimeClasspath,testCompileClasspath,testRuntimeClasspath
org.jetbrains:annotations:13.0=compileClasspath,runtimeClasspath,testCompileClasspath,testRuntimeClasspath
org.jitsi:ice4j:3.0-66-g1c60acc=compileClasspath,runtimeClasspath,testCompileClasspath,testRuntimeClasspath
org.jitsi:jain-sip-ri-ossonly:1.2.279-jitsi-oss1=compileClasspath,runtimeClasspath,testCompileClasspath,testRuntimeClasspath
org.jitsi:jicoco-config:1.1-127-gf49982f=compileClasspath,runtimeClasspath,testCompileClasspath,testRuntimeClasspath
org.jitsi:jitsi-metaconfig:1.0-9-g5e1b624=compileClasspath,runtimeClasspath,testCompileClasspath,testRuntimeClasspath
org.jitsi:jitsi-utils:1.0-127-g6c65524=compileClasspath,runtimeClasspath,testCompileClasspath,testRuntimeClasspath
org.openjfx:javafx-base:18.0.2=compileClasspath
org.openjfx:javafx-controls:18.0.2=compileClasspath
org.openjfx:javafx-fxml:18.0.2=compileClasspath
org.openjfx:javafx-graphics:18.0.2=compileClasspath
org.openjfx:javafx-media:18.0.2=compileClasspath
org.openjfx:javafx-web:18.0.2=compileClasspath
org.opentelecoms.sdp:java-sdp-nist-bridge:1.2=compileClasspath,runtimeClasspath,testCompileClasspath,testRuntimeClasspath
org.opentelecoms.sdp:sdp-api:1.0=compileClasspath,runtimeClasspath,testCompileClasspath,testRuntimeClasspath
org.ow2.asm:asm:9.1=runtimeClasspath,testRuntimeClasspath
org.projectlombok:lombok:1.18.32=annotationProcessor,compileClasspath,runtimeClasspath,testAnnotationProcessor,testCompileClasspath,testRuntimeClasspath
org.slf4j:slf4j-api:2.0.0=compileClasspath,runtimeClasspath,testCompileClasspath,testRuntimeClasspath
empty=shadow
