# This is a Gradle generated file for dependency locking.
# Manual edits can break the build and are not advised.
# This file is expected to be part of source control.
ch.qos.logback:logback-classic:1.5.6=compileClasspath,fx2jCompileClasspath,fx2jRuntimeClasspath,jmhCompileClasspath,jmhRuntimeClasspath,productionRuntimeClasspath,runtimeClasspath,testCompileClasspath,testRuntimeClasspath
ch.qos.logback:logback-core:1.5.6=codacy,compileClasspath,fx2jCompileClasspath,fx2jRuntimeClasspath,jmhCompileClasspath,jmhRuntimeClasspath,productionRuntimeClasspath,runtimeClasspath,testCompileClasspath,testRuntimeClasspath
com.chuusai:shapeless_2.12:2.3.2=codacy
com.codacy:codacy-api-scala_2.12:7.0.7=codacy
com.codacy:codacy-plugins-api_2.12:5.2.0=codacy
com.code-disaster.steamworks4j:steamworks4j:1.9.0=compileClasspath,fx2jCompileClasspath,fx2jRuntimeClasspath,jmhCompileClasspath,jmhRuntimeClasspath,productionRuntimeClasspath,runtimeClasspath,testCompileClasspath,testRuntimeClasspath
com.fasterxml.jackson.core:jackson-annotations:2.17.1=codacy,compileClasspath,fx2jCompileClasspath,fx2jRuntimeClasspath,jmhCompileClasspath,jmhRuntimeClasspath,productionRuntimeClasspath,runtimeClasspath,testCompileClasspath,testRuntimeClasspath
com.fasterxml.jackson.core:jackson-core:2.17.1=codacy,compileClasspath,fx2jCompileClasspath,fx2jRuntimeClasspath,jmhCompileClasspath,jmhRuntimeClasspath,productionRuntimeClasspath,runtimeClasspath,testCompileClasspath,testRuntimeClasspath
com.fasterxml.jackson.core:jackson-databind:2.17.1=codacy,compileClasspath,fx2jCompileClasspath,fx2jRuntimeClasspath,jmhCompileClasspath,jmhRuntimeClasspath,productionRuntimeClasspath,runtimeClasspath,testCompileClasspath,testRuntimeClasspath
com.fasterxml.jackson.datatype:jackson-datatype-jdk8:2.17.1=codacy,compileClasspath,fx2jCompileClasspath,fx2jRuntimeClasspath,jmhCompileClasspath,jmhRuntimeClasspath,productionRuntimeClasspath,runtimeClasspath,testCompileClasspath,testRuntimeClasspath
com.fasterxml.jackson.datatype:jackson-datatype-jsr310:2.17.1=codacy,compileClasspath,fx2jCompileClasspath,fx2jRuntimeClasspath,jmhCompileClasspath,jmhRuntimeClasspath,productionRuntimeClasspath,runtimeClasspath,testCompileClasspath,testRuntimeClasspath
com.fasterxml.jackson.module:jackson-module-kotlin:2.17.1=compileClasspath,fx2jCompileClasspath,fx2jRuntimeClasspath,jmhCompileClasspath,jmhRuntimeClasspath,productionRuntimeClasspath,runtimeClasspath,testCompileClasspath,testRuntimeClasspath
com.fasterxml.jackson.module:jackson-module-parameter-names:2.17.1=compileClasspath,fx2jCompileClasspath,fx2jRuntimeClasspath,jmhCompileClasspath,jmhRuntimeClasspath,productionRuntimeClasspath,runtimeClasspath,testCompileClasspath,testRuntimeClasspath
com.fasterxml.jackson:jackson-bom:2.17.1=codacy,compileClasspath,fx2jCompileClasspath,fx2jRuntimeClasspath,jmhCompileClasspath,jmhRuntimeClasspath,productionRuntimeClasspath,runtimeClasspath,testCompileClasspath,testRuntimeClasspath
com.github.1-alex98:discord-rpc:1.6.2-jna=compileClasspath,fx2jCompileClasspath,fx2jRuntimeClasspath,jmhCompileClasspath,jmhRuntimeClasspath,productionRuntimeClasspath,runtimeClasspath,testCompileClasspath,testRuntimeClasspath
com.github.FAForever.faf-java-commons:faf-commons-api:1013d75fc9=compileClasspath,fx2jCompileClasspath,fx2jRuntimeClasspath,jmhCompileClasspath,jmhRuntimeClasspath,productionRuntimeClasspath,runtimeClasspath,testCompileClasspath,testRuntimeClasspath
com.github.FAForever.faf-java-commons:faf-commons-data:1013d75fc9=compileClasspath,fx2jCompileClasspath,fx2jRuntimeClasspath,jmhCompileClasspath,jmhRuntimeClasspath,productionRuntimeClasspath,runtimeClasspath,testCompileClasspath,testRuntimeClasspath
com.github.FAForever.faf-java-commons:faf-commons-lobby:1013d75fc9=compileClasspath,fx2jCompileClasspath,fx2jRuntimeClasspath,jmhCompileClasspath,jmhRuntimeClasspath,productionRuntimeClasspath,runtimeClasspath,testCompileClasspath,testRuntimeClasspath
com.github.alexarchambault:case-app-annotations_2.12:1.2.0=codacy
com.github.alexarchambault:case-app-util_2.12:1.2.0=codacy
com.github.alexarchambault:case-app_2.12:1.2.0=codacy
com.github.ben-manes.caffeine:caffeine:3.1.8=compileClasspath,fx2jCompileClasspath,fx2jRuntimeClasspath,jmhCompileClasspath,jmhRuntimeClasspath,productionRuntimeClasspath,runtimeClasspath,testCompileClasspath,testRuntimeClasspath
com.github.codacy.codacy-coverage-reporter:codacy-coverage-reporter:13.13.13=codacy
com.github.codacy.codacy-coverage-reporter:coverageparser_2.12:13.13.13=codacy
com.github.codacy:codacy-coverage-reporter:13.13.13=codacy
com.github.jasminb:jsonapi-converter:0.13=compileClasspath,fx2jCompileClasspath,fx2jRuntimeClasspath,jmhCompileClasspath,jmhRuntimeClasspath,productionRuntimeClasspath,runtimeClasspath,testCompileClasspath,testRuntimeClasspath
com.github.luben:zstd-jni:1.4.9-5=fx2jRuntimeClasspath,jmhRuntimeClasspath,productionRuntimeClasspath,runtimeClasspath,testRuntimeClasspath
com.github.micheljung:JJsonRpc:01a7fba5f4=compileClasspath,fx2jCompileClasspath,fx2jRuntimeClasspath,jmhCompileClasspath,jmhRuntimeClasspath,productionRuntimeClasspath,runtimeClasspath,testCompileClasspath,testRuntimeClasspath
com.github.nsp:JSkills:8b333ec63d=compileClasspath,fx2jCompileClasspath,fx2jRuntimeClasspath,jmhCompileClasspath,jmhRuntimeClasspath,productionRuntimeClasspath,runtimeClasspath,testCompileClasspath,testRuntimeClasspath
com.github.rutledgepaulv:q-builders:1.6=compileClasspath,fx2jCompileClasspath,fx2jRuntimeClasspath,jmhCompileClasspath,jmhRuntimeClasspath,productionRuntimeClasspath,runtimeClasspath,testCompileClasspath,testRuntimeClasspath
com.github.stephenc.jcip:jcip-annotations:1.0-1=compileClasspath,fx2jCompileClasspath,fx2jRuntimeClasspath,jmhCompileClasspath,jmhRuntimeClasspath,productionRuntimeClasspath,runtimeClasspath,testCompileClasspath,testRuntimeClasspath
com.google.android.tools:dx:1.7=compileClasspath,fx2jCompileClasspath,fx2jRuntimeClasspath,jmhCompileClasspath,jmhRuntimeClasspath,productionRuntimeClasspath,runtimeClasspath,testCompileClasspath,testRuntimeClasspath
com.google.code.findbugs:jsr305:3.0.2=compileClasspath,fx2jCompileClasspath,fx2jRuntimeClasspath,jmhCompileClasspath,jmhRuntimeClasspath,productionRuntimeClasspath,runtimeClasspath,testCompileClasspath,testRuntimeClasspath
com.google.errorprone:error_prone_annotations:2.26.1=compileClasspath,fx2jCompileClasspath,fx2jRuntimeClasspath,jmhCompileClasspath,jmhRuntimeClasspath,productionRuntimeClasspath,runtimeClasspath,testCompileClasspath,testRuntimeClasspath
com.google.guava:failureaccess:1.0.2=compileClasspath,fx2jCompileClasspath,fx2jRuntimeClasspath,jmhCompileClasspath,jmhRuntimeClasspath,productionRuntimeClasspath,runtimeClasspath,testCompileClasspath,testRuntimeClasspath
com.google.guava:guava:33.2.0-jre=compileClasspath,fx2jCompileClasspath,fx2jRuntimeClasspath,jmhCompileClasspath,jmhRuntimeClasspath,productionRuntimeClasspath,runtimeClasspath,testCompileClasspath,testRuntimeClasspath
com.google.guava:listenablefuture:9999.0-empty-to-avoid-conflict-with-guava=compileClasspath,fx2jCompileClasspath,fx2jRuntimeClasspath,jmhCompileClasspath,jmhRuntimeClasspath,productionRuntimeClasspath,runtimeClasspath,testCompileClasspath,testRuntimeClasspath
com.google.j2objc:j2objc-annotations:3.0.0=compileClasspath,fx2jCompileClasspath,jmhCompileClasspath,testCompileClasspath
com.googlecode.javaewah:JavaEWAH:1.1.6=codacy
com.install4j:install4j-runtime:10.0.8=compileClasspath,fx2jCompileClasspath,fx2jRuntimeClasspath,jmhCompileClasspath,jmhRuntimeClasspath,productionRuntimeClasspath,runtimeClasspath,testCompileClasspath,testRuntimeClasspath
com.jayway.jsonpath:json-path:2.9.0=jmhRuntimeClasspath,testCompileClasspath,testRuntimeClasspath
com.jcraft:jsch:0.1.54=codacy
com.lihaoyi:geny_2.12:0.7.1=codacy
com.lihaoyi:ujson_2.12:1.5.0=codacy
com.lihaoyi:upickle-core_2.12:1.5.0=codacy
com.nativelibs4java:bridj:0.7.0=compileClasspath,fx2jCompileClasspath,fx2jRuntimeClasspath,jmhCompileClasspath,jmhRuntimeClasspath,productionRuntimeClasspath,runtimeClasspath,testCompileClasspath,testRuntimeClasspath
com.natpryce.hamcrest:hamcrest-reflection:0.1-2=jmhRuntimeClasspath,testCompileClasspath,testRuntimeClasspath
com.neovisionaries:nv-i18n:1.29=compileClasspath,fx2jCompileClasspath,fx2jRuntimeClasspath,jmhCompileClasspath,jmhRuntimeClasspath,productionRuntimeClasspath,runtimeClasspath,testCompileClasspath,testRuntimeClasspath
com.nimbusds:content-type:2.2=compileClasspath,fx2jCompileClasspath,fx2jRuntimeClasspath,jmhCompileClasspath,jmhRuntimeClasspath,productionRuntimeClasspath,runtimeClasspath,testCompileClasspath,testRuntimeClasspath
com.nimbusds:lang-tag:1.7=compileClasspath,fx2jCompileClasspath,fx2jRuntimeClasspath,jmhCompileClasspath,jmhRuntimeClasspath,productionRuntimeClasspath,runtimeClasspath,testCompileClasspath,testRuntimeClasspath
com.nimbusds:nimbus-jose-jwt:9.37.3=compileClasspath,fx2jCompileClasspath,fx2jRuntimeClasspath,jmhCompileClasspath,jmhRuntimeClasspath,productionRuntimeClasspath,runtimeClasspath,testCompileClasspath,testRuntimeClasspath
com.nimbusds:oauth2-oidc-sdk:9.43.4=compileClasspath,fx2jCompileClasspath,fx2jRuntimeClasspath,jmhCompileClasspath,jmhRuntimeClasspath,productionRuntimeClasspath,runtimeClasspath,testCompileClasspath,testRuntimeClasspath
com.squareup.okhttp3:mockwebserver:4.12.0=jmhRuntimeClasspath,testCompileClasspath,testRuntimeClasspath
com.squareup.okhttp3:okhttp:4.12.0=compileClasspath,fx2jCompileClasspath,fx2jRuntimeClasspath,jmhCompileClasspath,jmhRuntimeClasspath,productionRuntimeClasspath,runtimeClasspath,testCompileClasspath,testRuntimeClasspath
com.squareup.okio:okio-jvm:3.6.0=compileClasspath,fx2jCompileClasspath,fx2jRuntimeClasspath,jmhCompileClasspath,jmhRuntimeClasspath,productionRuntimeClasspath,runtimeClasspath,testCompileClasspath,testRuntimeClasspath
com.squareup.okio:okio:3.6.0=compileClasspath,fx2jCompileClasspath,fx2jRuntimeClasspath,jmhCompileClasspath,jmhRuntimeClasspath,productionRuntimeClasspath,runtimeClasspath,testCompileClasspath,testRuntimeClasspath
com.squareup.retrofit2:retrofit:2.5.0=compileClasspath,fx2jCompileClasspath,fx2jRuntimeClasspath,jmhCompileClasspath,jmhRuntimeClasspath,productionRuntimeClasspath,runtimeClasspath,testCompileClasspath,testRuntimeClasspath
com.thetransactioncompany:jsonrpc2-base:1.38=compileClasspath,fx2jCompileClasspath,fx2jRuntimeClasspath,jmhCompileClasspath,jmhRuntimeClasspath,productionRuntimeClasspath,runtimeClasspath,testCompileClasspath,testRuntimeClasspath
com.typesafe.play:play-functional_2.12:2.8.2=codacy
com.typesafe.play:play-json_2.12:2.8.2=codacy
com.vaadin.external.google:android-json:0.0.20131108.vaadin1=jmhRuntimeClasspath,testCompileClasspath,testRuntimeClasspath
commons-beanutils:commons-beanutils:1.9.4=compileClasspath,fx2jCompileClasspath,fx2jRuntimeClasspath,jmhCompileClasspath,jmhRuntimeClasspath,productionRuntimeClasspath,runtimeClasspath,testCompileClasspath,testRuntimeClasspath
commons-codec:commons-codec:1.16.1=codacy,compileClasspath,fx2jCompileClasspath,fx2jRuntimeClasspath,jmhCompileClasspath,jmhRuntimeClasspath,productionRuntimeClasspath,runtimeClasspath,testCompileClasspath,testRuntimeClasspath
commons-collections:commons-collections:3.2.2=compileClasspath,fx2jCompileClasspath,fx2jRuntimeClasspath,jmhCompileClasspath,jmhRuntimeClasspath,productionRuntimeClasspath,runtimeClasspath,testCompileClasspath,testRuntimeClasspath
commons-digester:commons-digester:2.1=compileClasspath,fx2jCompileClasspath,fx2jRuntimeClasspath,jmhCompileClasspath,jmhRuntimeClasspath,productionRuntimeClasspath,runtimeClasspath,testCompileClasspath,testRuntimeClasspath
commons-io:commons-io:2.16.1=compileClasspath,fx2jCompileClasspath,fx2jRuntimeClasspath,jmhCompileClasspath,jmhRuntimeClasspath,productionRuntimeClasspath,runtimeClasspath,testCompileClasspath,testRuntimeClasspath
commons-logging:commons-logging:1.1.3=codacy
commons-validator:commons-validator:1.9.0=compileClasspath,fx2jCompileClasspath,fx2jRuntimeClasspath,jmhCompileClasspath,jmhRuntimeClasspath,productionRuntimeClasspath,runtimeClasspath,testCompileClasspath,testRuntimeClasspath
de.codecentric.centerdevice:javafxsvg:1.3.0=compileClasspath,fx2jCompileClasspath,fx2jRuntimeClasspath,jmhCompileClasspath,jmhRuntimeClasspath,productionRuntimeClasspath,runtimeClasspath,testCompileClasspath,testRuntimeClasspath
io.github.micheljung:fxstage:0.8.3=compileClasspath,fx2jCompileClasspath,fx2jRuntimeClasspath,jmhCompileClasspath,jmhRuntimeClasspath,productionRuntimeClasspath,runtimeClasspath,testCompileClasspath,testRuntimeClasspath
io.github.micheljung:jfx-waitomo-theme:0.3.0=compileClasspath,fx2jCompileClasspath,fx2jRuntimeClasspath,jmhCompileClasspath,jmhRuntimeClasspath,productionRuntimeClasspath,runtimeClasspath,testCompileClasspath,testRuntimeClasspath
io.github.sheikah45.fx2j:fx2j-api:0.0.0=compileClasspath,fx2jCompileClasspath,fx2jRuntimeClasspath,jmhCompileClasspath,jmhRuntimeClasspath,productionRuntimeClasspath,runtimeClasspath,testCompileClasspath,testRuntimeClasspath
io.micrometer:micrometer-commons:1.13.0=compileClasspath,fx2jCompileClasspath,fx2jRuntimeClasspath,jmhCompileClasspath,jmhRuntimeClasspath,productionRuntimeClasspath,runtimeClasspath,testCompileClasspath,testRuntimeClasspath
io.micrometer:micrometer-observation:1.13.0=compileClasspath,fx2jCompileClasspath,fx2jRuntimeClasspath,jmhCompileClasspath,jmhRuntimeClasspath,productionRuntimeClasspath,runtimeClasspath,testCompileClasspath,testRuntimeClasspath
io.netty.incubator:netty-incubator-codec-classes-quic:0.0.62.Final=fx2jRuntimeClasspath,jmhRuntimeClasspath,productionRuntimeClasspath,runtimeClasspath,testRuntimeClasspath
io.netty.incubator:netty-incubator-codec-native-quic:0.0.62.Final=fx2jRuntimeClasspath,jmhRuntimeClasspath,productionRuntimeClasspath,runtimeClasspath,testRuntimeClasspath
io.netty:netty-buffer:4.1.110.Final=compileClasspath,fx2jCompileClasspath,fx2jRuntimeClasspath,jmhCompileClasspath,jmhRuntimeClasspath,productionRuntimeClasspath,runtimeClasspath,testCompileClasspath,testRuntimeClasspath
io.netty:netty-codec-dns:4.1.110.Final=compileClasspath,fx2jCompileClasspath,fx2jRuntimeClasspath,jmhCompileClasspath,jmhRuntimeClasspath,productionRuntimeClasspath,runtimeClasspath,testCompileClasspath,testRuntimeClasspath
io.netty:netty-codec-http2:4.1.110.Final=compileClasspath,fx2jCompileClasspath,fx2jRuntimeClasspath,jmhCompileClasspath,jmhRuntimeClasspath,productionRuntimeClasspath,runtimeClasspath,testCompileClasspath,testRuntimeClasspath
io.netty:netty-codec-http:4.1.110.Final=compileClasspath,fx2jCompileClasspath,fx2jRuntimeClasspath,jmhCompileClasspath,jmhRuntimeClasspath,productionRuntimeClasspath,runtimeClasspath,testCompileClasspath,testRuntimeClasspath
io.netty:netty-codec-socks:4.1.110.Final=compileClasspath,fx2jCompileClasspath,fx2jRuntimeClasspath,jmhCompileClasspath,jmhRuntimeClasspath,productionRuntimeClasspath,runtimeClasspath,testCompileClasspath,testRuntimeClasspath
io.netty:netty-codec:4.1.110.Final=compileClasspath,fx2jCompileClasspath,fx2jRuntimeClasspath,jmhCompileClasspath,jmhRuntimeClasspath,productionRuntimeClasspath,runtimeClasspath,testCompileClasspath,testRuntimeClasspath
io.netty:netty-common:4.1.110.Final=compileClasspath,fx2jCompileClasspath,fx2jRuntimeClasspath,jmhCompileClasspath,jmhRuntimeClasspath,productionRuntimeClasspath,runtimeClasspath,testCompileClasspath,testRuntimeClasspath
io.netty:netty-handler-proxy:4.1.110.Final=compileClasspath,fx2jCompileClasspath,fx2jRuntimeClasspath,jmhCompileClasspath,jmhRuntimeClasspath,productionRuntimeClasspath,runtimeClasspath,testCompileClasspath,testRuntimeClasspath
io.netty:netty-handler:4.1.110.Final=compileClasspath,fx2jCompileClasspath,fx2jRuntimeClasspath,jmhCompileClasspath,jmhRuntimeClasspath,productionRuntimeClasspath,runtimeClasspath,testCompileClasspath,testRuntimeClasspath
io.netty:netty-resolver-dns-classes-macos:4.1.110.Final=compileClasspath,fx2jCompileClasspath,fx2jRuntimeClasspath,jmhCompileClasspath,jmhRuntimeClasspath,productionRuntimeClasspath,runtimeClasspath,testCompileClasspath,testRuntimeClasspath
io.netty:netty-resolver-dns-native-macos:4.1.110.Final=compileClasspath,fx2jCompileClasspath,fx2jRuntimeClasspath,jmhCompileClasspath,jmhRuntimeClasspath,productionRuntimeClasspath,runtimeClasspath,testCompileClasspath,testRuntimeClasspath
io.netty:netty-resolver-dns:4.1.110.Final=compileClasspath,fx2jCompileClasspath,fx2jRuntimeClasspath,jmhCompileClasspath,jmhRuntimeClasspath,productionRuntimeClasspath,runtimeClasspath,testCompileClasspath,testRuntimeClasspath
io.netty:netty-resolver:4.1.110.Final=compileClasspath,fx2jCompileClasspath,fx2jRuntimeClasspath,jmhCompileClasspath,jmhRuntimeClasspath,productionRuntimeClasspath,runtimeClasspath,testCompileClasspath,testRuntimeClasspath
io.netty:netty-transport-classes-epoll:4.1.110.Final=compileClasspath,fx2jCompileClasspath,fx2jRuntimeClasspath,jmhCompileClasspath,jmhRuntimeClasspath,productionRuntimeClasspath,runtimeClasspath,testCompileClasspath,testRuntimeClasspath
io.netty:netty-transport-native-epoll:4.1.110.Final=compileClasspath,fx2jCompileClasspath,fx2jRuntimeClasspath,jmhCompileClasspath,jmhRuntimeClasspath,productionRuntimeClasspath,runtimeClasspath,testCompileClasspath,testRuntimeClasspath
io.netty:netty-transport-native-unix-common:4.1.110.Final=compileClasspath,fx2jCompileClasspath,fx2jRuntimeClasspath,jmhCompileClasspath,jmhRuntimeClasspath,productionRuntimeClasspath,runtimeClasspath,testCompileClasspath,testRuntimeClasspath
io.netty:netty-transport:4.1.110.Final=compileClasspath,fx2jCompileClasspath,fx2jRuntimeClasspath,jmhCompileClasspath,jmhRuntimeClasspath,productionRuntimeClasspath,runtimeClasspath,testCompileClasspath,testRuntimeClasspath
io.projectreactor.addons:reactor-extra:3.5.1=compileClasspath,fx2jCompileClasspath,fx2jRuntimeClasspath,jmhCompileClasspath,jmhRuntimeClasspath,productionRuntimeClasspath,runtimeClasspath,testCompileClasspath,testRuntimeClasspath
io.projectreactor.netty.incubator:reactor-netty-incubator-quic:0.1.19=fx2jRuntimeClasspath,jmhRuntimeClasspath,productionRuntimeClasspath,runtimeClasspath,testRuntimeClasspath
io.projectreactor.netty:reactor-netty-core:1.1.19=compileClasspath,fx2jCompileClasspath,fx2jRuntimeClasspath,jmhCompileClasspath,jmhRuntimeClasspath,productionRuntimeClasspath,runtimeClasspath,testCompileClasspath,testRuntimeClasspath
io.projectreactor.netty:reactor-netty-http:1.1.19=compileClasspath,fx2jCompileClasspath,fx2jRuntimeClasspath,jmhCompileClasspath,jmhRuntimeClasspath,productionRuntimeClasspath,runtimeClasspath,testCompileClasspath,testRuntimeClasspath
io.projectreactor.netty:reactor-netty:1.1.19=fx2jRuntimeClasspath,jmhRuntimeClasspath,productionRuntimeClasspath,runtimeClasspath,testCompileClasspath,testRuntimeClasspath
io.projectreactor:reactor-core:3.6.6=compileClasspath,fx2jCompileClasspath,fx2jRuntimeClasspath,jmhCompileClasspath,jmhRuntimeClasspath,productionRuntimeClasspath,runtimeClasspath,testCompileClasspath,testRuntimeClasspath
io.projectreactor:reactor-test:3.6.6=jmhRuntimeClasspath,testCompileClasspath,testRuntimeClasspath
io.projectreactor:reactor-tools:3.6.6=compileClasspath,fx2jCompileClasspath,fx2jRuntimeClasspath,jmhCompileClasspath,jmhRuntimeClasspath,productionRuntimeClasspath,runtimeClasspath,testCompileClasspath,testRuntimeClasspath
jakarta.activation:jakarta.activation-api:2.1.3=jmhRuntimeClasspath,testCompileClasspath,testRuntimeClasspath
jakarta.annotation:jakarta.annotation-api:2.1.1=compileClasspath,fx2jCompileClasspath,fx2jRuntimeClasspath,jmhCompileClasspath,jmhRuntimeClasspath,productionRuntimeClasspath,runtimeClasspath,testCompileClasspath,testRuntimeClasspath
jakarta.xml.bind:jakarta.xml.bind-api:4.0.2=jmhRuntimeClasspath,testCompileClasspath,testRuntimeClasspath
javax.annotation:javax.annotation-api:1.3.2=compileClasspath,fx2jCompileClasspath,fx2jRuntimeClasspath,jmhCompileClasspath,jmhRuntimeClasspath,productionRuntimeClasspath,runtimeClasspath,testCompileClasspath,testRuntimeClasspath
joda-time:joda-time:2.10.5=codacy
junit:junit:4.13.2=jmhRuntimeClasspath,testCompileClasspath,testRuntimeClasspath
net.bytebuddy:byte-buddy-agent:1.14.16=jmhRuntimeClasspath,testCompileClasspath,testRuntimeClasspath
net.bytebuddy:byte-buddy:1.14.16=jmhRuntimeClasspath,testCompileClasspath,testRuntimeClasspath
net.engio:mbassador:1.3.1=compileClasspath,fx2jCompileClasspath,fx2jRuntimeClasspath,jmhCompileClasspath,jmhRuntimeClasspath,productionRuntimeClasspath,runtimeClasspath,testCompileClasspath,testRuntimeClasspath
net.java.dev.jna:jna-platform:5.14.0=compileClasspath,fx2jCompileClasspath,fx2jRuntimeClasspath,jmhCompileClasspath,jmhRuntimeClasspath,productionRuntimeClasspath,runtimeClasspath,testCompileClasspath,testRuntimeClasspath
net.java.dev.jna:jna:5.14.0=compileClasspath,fx2jCompileClasspath,fx2jRuntimeClasspath,jmhCompileClasspath,jmhRuntimeClasspath,productionRuntimeClasspath,runtimeClasspath,testCompileClasspath,testRuntimeClasspath
net.minidev:accessors-smart:2.5.1=compileClasspath,fx2jCompileClasspath,fx2jRuntimeClasspath,jmhCompileClasspath,jmhRuntimeClasspath,productionRuntimeClasspath,runtimeClasspath,testCompileClasspath,testRuntimeClasspath
net.minidev:json-smart:2.5.1=compileClasspath,fx2jCompileClasspath,fx2jRuntimeClasspath,jmhCompileClasspath,jmhRuntimeClasspath,productionRuntimeClasspath,runtimeClasspath,testCompileClasspath,testRuntimeClasspath
net.sf.jopt-simple:jopt-simple:5.0.4=jmh,jmhCompileClasspath,jmhRuntimeClasspath
org.apache.commons:commons-compress:1.26.2=compileClasspath,fx2jCompileClasspath,fx2jRuntimeClasspath,jmhCompileClasspath,jmhRuntimeClasspath,productionRuntimeClasspath,runtimeClasspath,testCompileClasspath,testRuntimeClasspath
org.apache.commons:commons-lang3:3.14.0=compileClasspath,fx2jCompileClasspath,fx2jRuntimeClasspath,jmhCompileClasspath,jmhRuntimeClasspath,productionRuntimeClasspath,runtimeClasspath,testCompileClasspath,testRuntimeClasspath
org.apache.commons:commons-math3:3.2=jmh,jmhCompileClasspath,jmhRuntimeClasspath
org.apache.httpcomponents:httpclient:4.3.6=codacy
org.apache.httpcomponents:httpcore:4.4.16=codacy
org.apache.logging.log4j:log4j-api:2.23.1=compileClasspath,fx2jCompileClasspath,fx2jRuntimeClasspath,jmhCompileClasspath,jmhRuntimeClasspath,productionRuntimeClasspath,runtimeClasspath,testCompileClasspath,testRuntimeClasspath
org.apache.logging.log4j:log4j-to-slf4j:2.23.1=compileClasspath,fx2jCompileClasspath,fx2jRuntimeClasspath,jmhCompileClasspath,jmhRuntimeClasspath,productionRuntimeClasspath,runtimeClasspath,testCompileClasspath,testRuntimeClasspath
org.apache.tomcat.embed:tomcat-embed-core:10.1.24=compileClasspath,fx2jCompileClasspath,fx2jRuntimeClasspath,jmhCompileClasspath,jmhRuntimeClasspath,productionRuntimeClasspath,runtimeClasspath,testCompileClasspath,testRuntimeClasspath
org.apache.tomcat.embed:tomcat-embed-el:10.1.24=compileClasspath,fx2jCompileClasspath,fx2jRuntimeClasspath,jmhCompileClasspath,jmhRuntimeClasspath,productionRuntimeClasspath,runtimeClasspath,testCompileClasspath,testRuntimeClasspath
org.apache.tomcat.embed:tomcat-embed-websocket:10.1.24=compileClasspath,fx2jCompileClasspath,fx2jRuntimeClasspath,jmhCompileClasspath,jmhRuntimeClasspath,productionRuntimeClasspath,runtimeClasspath,testCompileClasspath,testRuntimeClasspath
org.apache.xmlgraphics:batik-anim:1.8=compileClasspath,fx2jCompileClasspath,fx2jRuntimeClasspath,jmhCompileClasspath,jmhRuntimeClasspath,productionRuntimeClasspath,runtimeClasspath,testCompileClasspath,testRuntimeClasspath
org.apache.xmlgraphics:batik-awt-util:1.8=compileClasspath,fx2jCompileClasspath,fx2jRuntimeClasspath,jmhCompileClasspath,jmhRuntimeClasspath,productionRuntimeClasspath,runtimeClasspath,testCompileClasspath,testRuntimeClasspath
org.apache.xmlgraphics:batik-bridge:1.8=compileClasspath,fx2jCompileClasspath,fx2jRuntimeClasspath,jmhCompileClasspath,jmhRuntimeClasspath,productionRuntimeClasspath,runtimeClasspath,testCompileClasspath,testRuntimeClasspath
org.apache.xmlgraphics:batik-css:1.8=compileClasspath,fx2jCompileClasspath,fx2jRuntimeClasspath,jmhCompileClasspath,jmhRuntimeClasspath,productionRuntimeClasspath,runtimeClasspath,testCompileClasspath,testRuntimeClasspath
org.apache.xmlgraphics:batik-dom:1.8=compileClasspath,fx2jCompileClasspath,fx2jRuntimeClasspath,jmhCompileClasspath,jmhRuntimeClasspath,productionRuntimeClasspath,runtimeClasspath,testCompileClasspath,testRuntimeClasspath
org.apache.xmlgraphics:batik-ext:1.8=compileClasspath,fx2jCompileClasspath,fx2jRuntimeClasspath,jmhCompileClasspath,jmhRuntimeClasspath,productionRuntimeClasspath,runtimeClasspath,testCompileClasspath,testRuntimeClasspath
org.apache.xmlgraphics:batik-gvt:1.8=compileClasspath,fx2jCompileClasspath,fx2jRuntimeClasspath,jmhCompileClasspath,jmhRuntimeClasspath,productionRuntimeClasspath,runtimeClasspath,testCompileClasspath,testRuntimeClasspath
org.apache.xmlgraphics:batik-parser:1.8=compileClasspath,fx2jCompileClasspath,fx2jRuntimeClasspath,jmhCompileClasspath,jmhRuntimeClasspath,productionRuntimeClasspath,runtimeClasspath,testCompileClasspath,testRuntimeClasspath
org.apache.xmlgraphics:batik-script:1.8=compileClasspath,fx2jCompileClasspath,fx2jRuntimeClasspath,jmhCompileClasspath,jmhRuntimeClasspath,productionRuntimeClasspath,runtimeClasspath,testCompileClasspath,testRuntimeClasspath
org.apache.xmlgraphics:batik-svg-dom:1.8=compileClasspath,fx2jCompileClasspath,fx2jRuntimeClasspath,jmhCompileClasspath,jmhRuntimeClasspath,productionRuntimeClasspath,runtimeClasspath,testCompileClasspath,testRuntimeClasspath
org.apache.xmlgraphics:batik-svggen:1.8=compileClasspath,fx2jCompileClasspath,fx2jRuntimeClasspath,jmhCompileClasspath,jmhRuntimeClasspath,productionRuntimeClasspath,runtimeClasspath,testCompileClasspath,testRuntimeClasspath
org.apache.xmlgraphics:batik-transcoder:1.8=compileClasspath,fx2jCompileClasspath,fx2jRuntimeClasspath,jmhCompileClasspath,jmhRuntimeClasspath,productionRuntimeClasspath,runtimeClasspath,testCompileClasspath,testRuntimeClasspath
org.apache.xmlgraphics:batik-util:1.8=compileClasspath,fx2jCompileClasspath,fx2jRuntimeClasspath,jmhCompileClasspath,jmhRuntimeClasspath,productionRuntimeClasspath,runtimeClasspath,testCompileClasspath,testRuntimeClasspath
org.apache.xmlgraphics:batik-xml:1.8=compileClasspath,fx2jCompileClasspath,fx2jRuntimeClasspath,jmhCompileClasspath,jmhRuntimeClasspath,productionRuntimeClasspath,runtimeClasspath,testCompileClasspath,testRuntimeClasspath
org.apache.xmlgraphics:xmlgraphics-commons:2.1=compileClasspath,fx2jCompileClasspath,fx2jRuntimeClasspath,jmhCompileClasspath,jmhRuntimeClasspath,productionRuntimeClasspath,runtimeClasspath,testCompileClasspath,testRuntimeClasspath
org.apiguardian:apiguardian-api:1.1.2=testCompileClasspath
org.assertj:assertj-core:3.25.3=jmhRuntimeClasspath,testCompileClasspath,testRuntimeClasspath
org.awaitility:awaitility:4.2.1=jmhRuntimeClasspath,testCompileClasspath,testRuntimeClasspath
org.checkerframework:checker-qual:3.42.0=compileClasspath,fx2jCompileClasspath,fx2jRuntimeClasspath,jmhCompileClasspath,jmhRuntimeClasspath,productionRuntimeClasspath,runtimeClasspath,testCompileClasspath,testRuntimeClasspath
org.controlsfx:controlsfx:11.2.1=compileClasspath,fx2jCompileClasspath,fx2jRuntimeClasspath,jmhCompileClasspath,jmhRuntimeClasspath,productionRuntimeClasspath,runtimeClasspath,testCompileClasspath,testRuntimeClasspath
org.eclipse.jgit:org.eclipse.jgit:4.8.0.201706111038-r=codacy
org.ejml:core:0.28=compileClasspath,fx2jCompileClasspath,fx2jRuntimeClasspath,jmhCompileClasspath,jmhRuntimeClasspath,productionRuntimeClasspath,runtimeClasspath,testCompileClasspath,testRuntimeClasspath
org.ejml:dense64:0.28=compileClasspath,fx2jCompileClasspath,fx2jRuntimeClasspath,jmhCompileClasspath,jmhRuntimeClasspath,productionRuntimeClasspath,runtimeClasspath,testCompileClasspath,testRuntimeClasspath
org.ejml:simple:0.28=compileClasspath,fx2jCompileClasspath,fx2jRuntimeClasspath,jmhCompileClasspath,jmhRuntimeClasspath,productionRuntimeClasspath,runtimeClasspath,testCompileClasspath,testRuntimeClasspath
org.fxmisc.flowless:flowless:0.7.3=compileClasspath,fx2jCompileClasspath,fx2jRuntimeClasspath,jmhCompileClasspath,jmhRuntimeClasspath,productionRuntimeClasspath,runtimeClasspath,testCompileClasspath,testRuntimeClasspath
org.hamcrest:hamcrest-core:2.2=jmhRuntimeClasspath,testCompileClasspath,testRuntimeClasspath
org.hamcrest:hamcrest-library:2.2=jmhRuntimeClasspath,testCompileClasspath,testRuntimeClasspath
org.hamcrest:hamcrest:2.2=jmhRuntimeClasspath,testCompileClasspath,testRuntimeClasspath
org.instancio:instancio-core:4.7.0=jmhRuntimeClasspath,testCompileClasspath,testRuntimeClasspath
org.instancio:instancio-junit:4.7.0=jmhRuntimeClasspath,testCompileClasspath,testRuntimeClasspath
org.jacoco:org.jacoco.agent:0.8.11=jacocoAgent,jacocoAnt
org.jacoco:org.jacoco.ant:0.8.11=jacocoAnt
org.jacoco:org.jacoco.core:0.8.11=jacocoAnt
org.jacoco:org.jacoco.report:0.8.11=jacocoAnt
org.javassist:javassist:3.30.2-GA=compileClasspath,fx2jCompileClasspath,fx2jRuntimeClasspath,jmhCompileClasspath,jmhRuntimeClasspath,productionRuntimeClasspath,runtimeClasspath,testCompileClasspath,testRuntimeClasspath
org.jetbrains.kotlin:kotlin-reflect:1.9.24=compileClasspath,fx2jCompileClasspath,fx2jRuntimeClasspath,jmhCompileClasspath,jmhRuntimeClasspath,productionRuntimeClasspath,runtimeClasspath,testCompileClasspath,testRuntimeClasspath
org.jetbrains.kotlin:kotlin-stdlib-common:1.9.24=compileClasspath,fx2jCompileClasspath,fx2jRuntimeClasspath,jmhCompileClasspath,jmhRuntimeClasspath,productionRuntimeClasspath,runtimeClasspath,testCompileClasspath,testRuntimeClasspath
org.jetbrains.kotlin:kotlin-stdlib-jdk7:1.9.24=compileClasspath,fx2jCompileClasspath,fx2jRuntimeClasspath,jmhCompileClasspath,jmhRuntimeClasspath,productionRuntimeClasspath,runtimeClasspath,testCompileClasspath,testRuntimeClasspath
org.jetbrains.kotlin:kotlin-stdlib-jdk8:1.9.24=compileClasspath,fx2jCompileClasspath,fx2jRuntimeClasspath,jmhCompileClasspath,jmhRuntimeClasspath,productionRuntimeClasspath,runtimeClasspath,testCompileClasspath,testRuntimeClasspath
org.jetbrains.kotlin:kotlin-stdlib:1.9.24=compileClasspath,fx2jCompileClasspath,fx2jRuntimeClasspath,jmhCompileClasspath,jmhRuntimeClasspath,productionRuntimeClasspath,runtimeClasspath,testCompileClasspath,testRuntimeClasspath
org.jetbrains:annotations:24.1.0=compileClasspath,fx2jCompileClasspath,fx2jRuntimeClasspath,jmhCompileClasspath,jmhRuntimeClasspath,productionRuntimeClasspath,runtimeClasspath,testCompileClasspath,testRuntimeClasspath
org.joda:joda-convert:2.1.2=codacy
org.junit.jupiter:junit-jupiter-api:5.10.2=jmhRuntimeClasspath,testCompileClasspath,testRuntimeClasspath
org.junit.jupiter:junit-jupiter-engine:5.10.2=jmhRuntimeClasspath,testRuntimeClasspath
org.junit.jupiter:junit-jupiter-params:5.10.2=jmhRuntimeClasspath,testCompileClasspath,testRuntimeClasspath
org.junit.jupiter:junit-jupiter:5.10.2=jmhRuntimeClasspath,testCompileClasspath,testRuntimeClasspath
org.junit.platform:junit-platform-commons:1.10.2=jmhRuntimeClasspath,testCompileClasspath,testRuntimeClasspath
org.junit.platform:junit-platform-engine:1.10.2=jmhRuntimeClasspath,testRuntimeClasspath
org.junit:junit-bom:5.10.2=jmhRuntimeClasspath,testCompileClasspath,testRuntimeClasspath
org.kitteh.irc:client-lib:9.0.0=compileClasspath,fx2jCompileClasspath,fx2jRuntimeClasspath,jmhCompileClasspath,jmhRuntimeClasspath,productionRuntimeClasspath,runtimeClasspath,testCompileClasspath,testRuntimeClasspath
org.luaj:luaj-jse:3.0.1=compileClasspath,fx2jCompileClasspath,fx2jRuntimeClasspath,jmhCompileClasspath,jmhRuntimeClasspath,productionRuntimeClasspath,runtimeClasspath,testCompileClasspath,testRuntimeClasspath
org.mapstruct:mapstruct-processor:1.5.5.Final=annotationProcessor,testAnnotationProcessor
org.mapstruct:mapstruct:1.5.5.Final=compileClasspath,fx2jCompileClasspath,fx2jRuntimeClasspath,jmhCompileClasspath,jmhRuntimeClasspath,productionRuntimeClasspath,runtimeClasspath,testCompileClasspath,testRuntimeClasspath
org.mockito:mockito-core:5.11.0=jmhRuntimeClasspath,testCompileClasspath,testRuntimeClasspath
org.mockito:mockito-junit-jupiter:5.11.0=jmhRuntimeClasspath,testCompileClasspath,testRuntimeClasspath
org.objenesis:objenesis:3.3=jmhRuntimeClasspath,testRuntimeClasspath
org.openjdk.jmh:jmh-core:1.36=jmh,jmhCompileClasspath,jmhRuntimeClasspath
org.openjdk.jmh:jmh-generator-asm:1.36=jmh,jmhCompileClasspath,jmhRuntimeClasspath
org.openjdk.jmh:jmh-generator-bytecode:1.36=jmh,jmhCompileClasspath,jmhRuntimeClasspath
org.openjdk.jmh:jmh-generator-reflection:1.36=jmh,jmhCompileClasspath,jmhRuntimeClasspath
org.openjfx:javafx-base:21=compileClasspath,fx2jCompileClasspath,fx2jRuntimeClasspath,jmhCompileClasspath,jmhRuntimeClasspath,productionRuntimeClasspath,runtimeClasspath,testCompileClasspath,testRuntimeClasspath
org.openjfx:javafx-controls:21=compileClasspath,fx2jCompileClasspath,fx2jRuntimeClasspath,jmhCompileClasspath,jmhRuntimeClasspath,productionRuntimeClasspath,runtimeClasspath,testCompileClasspath,testRuntimeClasspath
org.openjfx:javafx-fxml:21=compileClasspath,fx2jCompileClasspath,fx2jRuntimeClasspath,jmhCompileClasspath,jmhRuntimeClasspath,productionRuntimeClasspath,runtimeClasspath,testCompileClasspath,testRuntimeClasspath
org.openjfx:javafx-graphics:21=compileClasspath,fx2jCompileClasspath,fx2jRuntimeClasspath,jmhCompileClasspath,jmhRuntimeClasspath,productionRuntimeClasspath,runtimeClasspath,testCompileClasspath,testRuntimeClasspath
org.openjfx:javafx-media:21=compileClasspath,fx2jCompileClasspath,fx2jRuntimeClasspath,jmhCompileClasspath,jmhRuntimeClasspath,productionRuntimeClasspath,runtimeClasspath,testCompileClasspath,testRuntimeClasspath
org.openjfx:javafx-swing:21=compileClasspath,fx2jCompileClasspath,fx2jRuntimeClasspath,jmhCompileClasspath,jmhRuntimeClasspath,productionRuntimeClasspath,runtimeClasspath,testCompileClasspath,testRuntimeClasspath
org.openjfx:javafx-web:21=compileClasspath,fx2jCompileClasspath,fx2jRuntimeClasspath,jmhCompileClasspath,jmhRuntimeClasspath,productionRuntimeClasspath,runtimeClasspath,testCompileClasspath,testRuntimeClasspath
org.opentest4j:opentest4j:1.3.0=jmhRuntimeClasspath,testCompileClasspath,testRuntimeClasspath
org.osgi:org.osgi.core:6.0.0=jmhRuntimeClasspath,testRuntimeClasspath
org.ow2.asm:asm-commons:9.6=jacocoAnt
org.ow2.asm:asm-tree:9.6=jacocoAnt
org.ow2.asm:asm:9.0=jmh
org.ow2.asm:asm:9.6=compileClasspath,fx2jCompileClasspath,fx2jRuntimeClasspath,jacocoAnt,jmhCompileClasspath,jmhRuntimeClasspath,productionRuntimeClasspath,runtimeClasspath,testCompileClasspath,testRuntimeClasspath
org.projectlombok:lombok:1.18.32=annotationProcessor,compileClasspath,fx2jCompileClasspath,jmhCompileClasspath,testAnnotationProcessor,testCompileClasspath
org.reactfx:reactfx:2.0-M5=fx2jRuntimeClasspath,jmhRuntimeClasspath,productionRuntimeClasspath,runtimeClasspath,testRuntimeClasspath
org.reactivestreams:reactive-streams:1.0.4=compileClasspath,fx2jCompileClasspath,fx2jRuntimeClasspath,jmhCompileClasspath,jmhRuntimeClasspath,productionRuntimeClasspath,runtimeClasspath,testCompileClasspath,testRuntimeClasspath
org.scala-lang.modules:scala-collection-compat_2.12:2.7.0=codacy
org.scala-lang.modules:scala-xml_2.12:1.2.0=codacy
org.scala-lang:scala-library:2.12.15=codacy
org.scala-lang:scala-reflect:2.12.10=codacy
org.scalaj:scalaj-http_2.12:2.4.2=codacy
org.scalameta:svm-subs:101.0.0=codacy
org.skyscreamer:jsonassert:1.5.1=jmhRuntimeClasspath,testCompileClasspath,testRuntimeClasspath
org.slf4j:jul-to-slf4j:2.0.13=compileClasspath,fx2jCompileClasspath,fx2jRuntimeClasspath,jmhCompileClasspath,jmhRuntimeClasspath,productionRuntimeClasspath,runtimeClasspath,testCompileClasspath,testRuntimeClasspath
org.slf4j:slf4j-api:2.0.13=codacy,compileClasspath,fx2jCompileClasspath,fx2jRuntimeClasspath,jmhCompileClasspath,jmhRuntimeClasspath,productionRuntimeClasspath,runtimeClasspath,testCompileClasspath,testRuntimeClasspath
org.springframework.boot:spring-boot-autoconfigure:3.3.0=compileClasspath,fx2jCompileClasspath,fx2jRuntimeClasspath,jmhCompileClasspath,jmhRuntimeClasspath,productionRuntimeClasspath,runtimeClasspath,testCompileClasspath,testRuntimeClasspath
org.springframework.boot:spring-boot-configuration-processor:3.3.0=annotationProcessor
org.springframework.boot:spring-boot-starter-cache:3.3.0=compileClasspath,fx2jCompileClasspath,fx2jRuntimeClasspath,jmhCompileClasspath,jmhRuntimeClasspath,productionRuntimeClasspath,runtimeClasspath,testCompileClasspath,testRuntimeClasspath
org.springframework.boot:spring-boot-starter-json:3.3.0=compileClasspath,fx2jCompileClasspath,fx2jRuntimeClasspath,jmhCompileClasspath,jmhRuntimeClasspath,productionRuntimeClasspath,runtimeClasspath,testCompileClasspath,testRuntimeClasspath
org.springframework.boot:spring-boot-starter-logging:3.3.0=compileClasspath,fx2jCompileClasspath,fx2jRuntimeClasspath,jmhCompileClasspath,jmhRuntimeClasspath,productionRuntimeClasspath,runtimeClasspath,testCompileClasspath,testRuntimeClasspath
org.springframework.boot:spring-boot-starter-oauth2-client:3.3.0=compileClasspath,fx2jCompileClasspath,fx2jRuntimeClasspath,jmhCompileClasspath,jmhRuntimeClasspath,productionRuntimeClasspath,runtimeClasspath,testCompileClasspath,testRuntimeClasspath
org.springframework.boot:spring-boot-starter-reactor-netty:3.3.0=compileClasspath,fx2jCompileClasspath,fx2jRuntimeClasspath,jmhCompileClasspath,jmhRuntimeClasspath,productionRuntimeClasspath,runtimeClasspath,testCompileClasspath,testRuntimeClasspath
org.springframework.boot:spring-boot-starter-test:3.3.0=jmhRuntimeClasspath,testCompileClasspath,testRuntimeClasspath
org.springframework.boot:spring-boot-starter-tomcat:3.3.0=compileClasspath,fx2jCompileClasspath,fx2jRuntimeClasspath,jmhCompileClasspath,jmhRuntimeClasspath,productionRuntimeClasspath,runtimeClasspath,testCompileClasspath,testRuntimeClasspath
org.springframework.boot:spring-boot-starter-web:3.3.0=compileClasspath,fx2jCompileClasspath,fx2jRuntimeClasspath,jmhCompileClasspath,jmhRuntimeClasspath,productionRuntimeClasspath,runtimeClasspath,testCompileClasspath,testRuntimeClasspath
org.springframework.boot:spring-boot-starter-webflux:3.3.0=compileClasspath,fx2jCompileClasspath,fx2jRuntimeClasspath,jmhCompileClasspath,jmhRuntimeClasspath,productionRuntimeClasspath,runtimeClasspath,testCompileClasspath,testRuntimeClasspath
org.springframework.boot:spring-boot-starter-websocket:3.3.0=compileClasspath,fx2jCompileClasspath,fx2jRuntimeClasspath,jmhCompileClasspath,jmhRuntimeClasspath,productionRuntimeClasspath,runtimeClasspath,testCompileClasspath,testRuntimeClasspath
org.springframework.boot:spring-boot-starter:3.3.0=compileClasspath,fx2jCompileClasspath,fx2jRuntimeClasspath,jmhCompileClasspath,jmhRuntimeClasspath,productionRuntimeClasspath,runtimeClasspath,testCompileClasspath,testRuntimeClasspath
org.springframework.boot:spring-boot-test-autoconfigure:3.3.0=jmhRuntimeClasspath,testCompileClasspath,testRuntimeClasspath
org.springframework.boot:spring-boot-test:3.3.0=jmhRuntimeClasspath,testCompileClasspath,testRuntimeClasspath
org.springframework.boot:spring-boot:3.3.0=compileClasspath,fx2jCompileClasspath,fx2jRuntimeClasspath,jmhCompileClasspath,jmhRuntimeClasspath,productionRuntimeClasspath,runtimeClasspath,testCompileClasspath,testRuntimeClasspath
org.springframework.security:spring-security-config:6.3.0=compileClasspath,fx2jCompileClasspath,fx2jRuntimeClasspath,jmhCompileClasspath,jmhRuntimeClasspath,productionRuntimeClasspath,runtimeClasspath,testCompileClasspath,testRuntimeClasspath
org.springframework.security:spring-security-core:6.3.0=compileClasspath,fx2jCompileClasspath,fx2jRuntimeClasspath,jmhCompileClasspath,jmhRuntimeClasspath,productionRuntimeClasspath,runtimeClasspath,testCompileClasspath,testRuntimeClasspath
org.springframework.security:spring-security-crypto:6.3.0=compileClasspath,fx2jCompileClasspath,fx2jRuntimeClasspath,jmhCompileClasspath,jmhRuntimeClasspath,productionRuntimeClasspath,runtimeClasspath,testCompileClasspath,testRuntimeClasspath
org.springframework.security:spring-security-oauth2-client:6.3.0=compileClasspath,fx2jCompileClasspath,fx2jRuntimeClasspath,jmhCompileClasspath,jmhRuntimeClasspath,productionRuntimeClasspath,runtimeClasspath,testCompileClasspath,testRuntimeClasspath
org.springframework.security:spring-security-oauth2-core:6.3.0=compileClasspath,fx2jCompileClasspath,fx2jRuntimeClasspath,jmhCompileClasspath,jmhRuntimeClasspath,productionRuntimeClasspath,runtimeClasspath,testCompileClasspath,testRuntimeClasspath
org.springframework.security:spring-security-oauth2-jose:6.3.0=compileClasspath,fx2jCompileClasspath,fx2jRuntimeClasspath,jmhCompileClasspath,jmhRuntimeClasspath,productionRuntimeClasspath,runtimeClasspath,testCompileClasspath,testRuntimeClasspath
org.springframework.security:spring-security-web:6.3.0=compileClasspath,fx2jCompileClasspath,fx2jRuntimeClasspath,jmhCompileClasspath,jmhRuntimeClasspath,productionRuntimeClasspath,runtimeClasspath,testCompileClasspath,testRuntimeClasspath
org.springframework:spring-aop:6.1.8=compileClasspath,fx2jCompileClasspath,fx2jRuntimeClasspath,jmhCompileClasspath,jmhRuntimeClasspath,productionRuntimeClasspath,runtimeClasspath,testCompileClasspath,testRuntimeClasspath
org.springframework:spring-beans:6.1.8=compileClasspath,fx2jCompileClasspath,fx2jRuntimeClasspath,jmhCompileClasspath,jmhRuntimeClasspath,productionRuntimeClasspath,runtimeClasspath,testCompileClasspath,testRuntimeClasspath
org.springframework:spring-context-support:6.1.8=compileClasspath,fx2jCompileClasspath,fx2jRuntimeClasspath,jmhCompileClasspath,jmhRuntimeClasspath,productionRuntimeClasspath,runtimeClasspath,testCompileClasspath,testRuntimeClasspath
org.springframework:spring-context:6.1.8=compileClasspath,fx2jCompileClasspath,fx2jRuntimeClasspath,jmhCompileClasspath,jmhRuntimeClasspath,productionRuntimeClasspath,runtimeClasspath,testCompileClasspath,testRuntimeClasspath
org.springframework:spring-core:6.1.8=compileClasspath,fx2jCompileClasspath,fx2jRuntimeClasspath,jmhCompileClasspath,jmhRuntimeClasspath,productionRuntimeClasspath,runtimeClasspath,testCompileClasspath,testRuntimeClasspath
org.springframework:spring-expression:6.1.8=compileClasspath,fx2jCompileClasspath,fx2jRuntimeClasspath,jmhCompileClasspath,jmhRuntimeClasspath,productionRuntimeClasspath,runtimeClasspath,testCompileClasspath,testRuntimeClasspath
org.springframework:spring-jcl:6.1.8=compileClasspath,fx2jCompileClasspath,fx2jRuntimeClasspath,jmhCompileClasspath,jmhRuntimeClasspath,productionRuntimeClasspath,runtimeClasspath,testCompileClasspath,testRuntimeClasspath
org.springframework:spring-messaging:6.1.8=compileClasspath,fx2jCompileClasspath,fx2jRuntimeClasspath,jmhCompileClasspath,jmhRuntimeClasspath,productionRuntimeClasspath,runtimeClasspath,testCompileClasspath,testRuntimeClasspath
org.springframework:spring-test:6.1.8=jmhRuntimeClasspath,testCompileClasspath,testRuntimeClasspath
org.springframework:spring-web:6.1.8=compileClasspath,fx2jCompileClasspath,fx2jRuntimeClasspath,jmhCompileClasspath,jmhRuntimeClasspath,productionRuntimeClasspath,runtimeClasspath,testCompileClasspath,testRuntimeClasspath
org.springframework:spring-webflux:6.1.8=compileClasspath,fx2jCompileClasspath,fx2jRuntimeClasspath,jmhCompileClasspath,jmhRuntimeClasspath,productionRuntimeClasspath,runtimeClasspath,testCompileClasspath,testRuntimeClasspath
org.springframework:spring-webmvc:6.1.8=compileClasspath,fx2jCompileClasspath,fx2jRuntimeClasspath,jmhCompileClasspath,jmhRuntimeClasspath,productionRuntimeClasspath,runtimeClasspath,testCompileClasspath,testRuntimeClasspath
org.springframework:spring-websocket:6.1.8=compileClasspath,fx2jCompileClasspath,fx2jRuntimeClasspath,jmhCompileClasspath,jmhRuntimeClasspath,productionRuntimeClasspath,runtimeClasspath,testCompileClasspath,testRuntimeClasspath
org.testfx:testfx-core:4.0.18=jmhRuntimeClasspath,testCompileClasspath,testRuntimeClasspath
org.testfx:testfx-junit5:4.0.18=jmhRuntimeClasspath,testCompileClasspath,testRuntimeClasspath
org.typelevel:macro-compat_2.12:1.1.1=codacy
org.wvlet.airframe:airframe-log_2.12:22.3.0=codacy
org.xmlunit:xmlunit-core:2.9.1=jmhRuntimeClasspath,testCompileClasspath,testRuntimeClasspath
org.yaml:snakeyaml:2.2=compileClasspath,fx2jCompileClasspath,fx2jRuntimeClasspath,jmhCompileClasspath,jmhRuntimeClasspath,productionRuntimeClasspath,runtimeClasspath,testCompileClasspath,testRuntimeClasspath
xalan:xalan:2.7.0=compileClasspath,fx2jCompileClasspath,fx2jRuntimeClasspath,jmhCompileClasspath,jmhRuntimeClasspath,productionRuntimeClasspath,runtimeClasspath,testCompileClasspath,testRuntimeClasspath
xml-apis:xml-apis-ext:1.3.04=compileClasspath,fx2jCompileClasspath,fx2jRuntimeClasspath,jmhCompileClasspath,jmhRuntimeClasspath,productionRuntimeClasspath,runtimeClasspath,testCompileClasspath,testRuntimeClasspath
xml-apis:xml-apis:2.0.2=compileClasspath,fx2jCompileClasspath,fx2jRuntimeClasspath,jmhCompileClasspath,jmhRuntimeClasspath,productionRuntimeClasspath,runtimeClasspath,testCompileClasspath,testRuntimeClasspath
empty=compile,developmentOnly,fx2jAnnotationProcessor,jmhAnnotationProcessor,testAndDevelopmentOnly
